PODS:
  - Alamofire (4.1.0)
  - AlamofireImage (3.1.0):
    - Alamofire (~> 4.0)
  - AlamofireObjectMapper (4.0.0):
    - Alamofire (~> 4.0)
    - ObjectMapper (~> 2.0)
  - CocoaLumberjack/Core (3.0.0)
  - CocoaLumberjack/Default (3.0.0):
    - CocoaLumberjack/Core
  - CocoaLumberjack/Extensions (3.0.0):
    - CocoaLumberjack/Default
  - CocoaLumberjack/Swift (3.0.0):
    - CocoaLumberjack/Extensions
  - ObjectMapper (2.2.1)
  - Realm (2.0.4):
    - Realm/Headers (= 2.0.4)
  - Realm/Headers (2.0.4)
  - RealmSwift (2.0.4):
    - Realm (= 2.0.4)

DEPENDENCIES:
  - Alamofire (~> 4.0)
  - AlamofireImage (~> 3.1)
  - AlamofireObjectMapper (~> 4.0)
  - CocoaLumberjack/Swift
  - RealmSwift

SPEC CHECKSUMS:
  Alamofire: e266cf991b933498df791e645e0d8ac294492153
  AlamofireImage: bb8c8351c51cb1633bb6be69b6dbbaff37ce65b7
  AlamofireObjectMapper: 9faa3ce5a240efda1b209009a2d6e1e949227abc
  CocoaLumberjack: c823149bccc5519a9447aeb433be7b1212a7d6a5
  ObjectMapper: 41e43e1a89f8060ef5ea5d04ba852e269a621d68
  Realm: 9da97f48365f8b99dd95c28d45ad8222d62e1775
  RealmSwift: 01e8db006035f16003e6307ae8eae1adccce68db

PODFILE CHECKSUM: 81ebe4b6a630812d1f77268b7bc168e17d766fca

COCOAPODS: 1.2.0.beta.1
