PODS:
  - Alamofire (3.4.1)
  - AlamofireImage (2.4.1):
    - Alamofire (~> 3.3)
  - AlamofireObjectMapper (3.0.2):
    - Alamofire (~> 3.2)
    - ObjectMapper (~> 1.0)
  - CocoaLumberjack/Core (2.3.0)
  - CocoaLumberjack/Default (2.3.0):
    - CocoaLumberjack/Core
  - CocoaLumberjack/Extensions (2.3.0):
    - CocoaLumberjack/Default
  - CocoaLumberjack/Swift (2.3.0):
    - CocoaLumberjack/Extensions
  - NPOKit (1.0.0):
    - Alamofire (~> 3.4)
    - AlamofireImage (~> 2.0)
    - AlamofireObjectMapper (~> 3.0)
    - CocoaLumberjack/Swift
    - RealmSwift
  - ObjectMapper (1.4.0)
  - Realm (1.0.2):
    - Realm/Headers (= 1.0.2)
  - Realm/Headers (1.0.2)
  - RealmSwift (1.0.2):
    - Realm (= 1.0.2)
  - UIColor_Hex_Swift (2.1)

DEPENDENCIES:
  - CocoaLumberjack/Swift
  - NPOKit (from `NPOKit`)
  - UIColor_Hex_Swift

EXTERNAL SOURCES:
  NPOKit:
    :path: NPOKit

SPEC CHECKSUMS:
  Alamofire: 01a82e2f6c0f860ade35534c8dd88be61bdef40c
  AlamofireImage: 3ccf3347d9ea24580dc11fb892770a0be6a29826
  AlamofireObjectMapper: 70f97cbf45c01c48d26aa07a1a7059a60ed7411d
  CocoaLumberjack: 97fab7ee5f507fe54445cca7ea80f926729cfd15
  NPOKit: d9f827031a7697d3fd0fb647f8b96c9b8c176edc
  ObjectMapper: a07ad0462c5adf014adc0f89ef04c29b626e855e
  Realm: 9d5c46a4d7d27958530a8dfc58f63a99e5c2cba3
  RealmSwift: 82f3ac5e24530143dddfde2033acc0d308f27d96
  UIColor_Hex_Swift: e91dc51f6bf252ec7bf74c8704ceedeeb7640c1c

PODFILE CHECKSUM: aa30440eeaac4ff6310e1c8bd94df8d2d3f3c2aa

COCOAPODS: 1.0.1
