PODS:
  - Alamofire (4.2.0)
  - AlamofireImage (3.2.0):
    - Alamofire (~> 4.1)
  - AlamofireObjectMapper (4.0.1):
    - Alamofire (~> 4.1)
    - ObjectMapper (~> 2.0)
  - CocoaLumberjack/Core (3.0.0)
  - CocoaLumberjack/Default (3.0.0):
    - CocoaLumberjack/Core
  - CocoaLumberjack/Extensions (3.0.0):
    - CocoaLumberjack/Default
  - CocoaLumberjack/Swift (3.0.0):
    - CocoaLumberjack/Extensions
  - GoogleAPIClientForREST/Core (1.1.1):
    - GTMSessionFetcher (>= 1.1.7)
  - GoogleAPIClientForREST/YouTube (1.1.1):
    - GoogleAPIClientForREST/Core
    - GTMSessionFetcher (>= 1.1.7)
  - GTMSessionFetcher (1.1.7):
    - GTMSessionFetcher/Full (= 1.1.7)
  - GTMSessionFetcher/Core (1.1.7)
  - GTMSessionFetcher/Full (1.1.7):
    - GTMSessionFetcher/Core (= 1.1.7)
  - NPOKit (1.0.0):
    - Alamofire (~> 4.2)
    - AlamofireImage (~> 3.2)
    - AlamofireObjectMapper (~> 4.0)
    - CocoaLumberjack/Swift (~> 3.0)
    - GoogleAPIClientForREST/YouTube
    - RealmSwift (~> 2.1)
    - XCDYouTubeKit (~> 2.5)
  - ObjectMapper (2.2.2)
  - Realm (2.1.2):
    - Realm/Headers (= 2.1.2)
  - Realm/Headers (2.1.2)
  - RealmSwift (2.1.2):
    - Realm (= 2.1.2)
  - UIColor_Hex_Swift (3.0.2)
  - XCDYouTubeKit (2.5.3)

DEPENDENCIES:
  - CocoaLumberjack/Swift
  - NPOKit (from `NPOKit`)
  - UIColor_Hex_Swift

EXTERNAL SOURCES:
  NPOKit:
    :path: NPOKit

SPEC CHECKSUMS:
  Alamofire: aa2e09d871c9160ac53c90e83c68064a94e3dfbe
  AlamofireImage: 157ed682cc81d3b9db4fb90c1f12180ac552d93b
  AlamofireObjectMapper: 842d2eed43a4d0593ff0110d54ac86a170c4519c
  CocoaLumberjack: c823149bccc5519a9447aeb433be7b1212a7d6a5
  GoogleAPIClientForREST: f272e35f7fe9f80ab232756c798adc32245ece8c
  GTMSessionFetcher: a1f8ed39e4fe21c68957daed472c7afbcdf29166
  NPOKit: e44fe02b194e8e851aa080429037d8d989a2707c
  ObjectMapper: 9e385c2295bcc4e16eabbcfc85db801442bba545
  Realm: efe855f4d977c8ce5a82d3116d9f1ff155a6550c
  RealmSwift: 17d6ee30b6f9df86364408c2197492e33bfea567
  UIColor_Hex_Swift: 95f718452092a3efc8a827dffd2c04d3237be02d
  XCDYouTubeKit: 90690f9e3523735dc93b8024269d991b0cfffe78

PODFILE CHECKSUM: 091a20fb1abcaac3e8b893f740365e6ad25fa8bf

COCOAPODS: 1.2.0.beta.1
