// !$*UTF8*$!
{
	archiveVersion = 1;
	classes = {
	};
	objectVersion = 46;
	objects = {

/* Begin PBXBuildFile section */
		C4C6A4C45D38806FBB6406A3 /* Pods_NPOKitAbstract_NPOKit.framework in Frameworks */ = {isa = PBXBuildFile; fileRef = 89C578F1ED7479A60DC56792 /* Pods_NPOKitAbstract_NPOKit.framework */; };
		F317B97B1D37BEEA00927ACD /* NPOManager+Token.swift in Sources */ = {isa = PBXBuildFile; fileRef = F317B97A1D37BEEA00927ACD /* NPOManager+Token.swift */; };
		F317B97D1D37BF4B00927ACD /* NPOManager+Programs.swift in Sources */ = {isa = PBXBuildFile; fileRef = F317B97C1D37BF4B00927ACD /* NPOManager+Programs.swift */; };
		F317B9821D37D69D00927ACD /* NPOProgram.swift in Sources */ = {isa = PBXBuildFile; fileRef = F317B9811D37D69D00927ACD /* NPOProgram.swift */; };
		F317B9841D37E54E00927ACD /* NPOManager+Generics.swift in Sources */ = {isa = PBXBuildFile; fileRef = F317B9831D37E54E00927ACD /* NPOManager+Generics.swift */; };
		F317B9861D37E8F400927ACD /* NPOTip.swift in Sources */ = {isa = PBXBuildFile; fileRef = F317B9851D37E8F400927ACD /* NPOTip.swift */; };
		F317B9881D37E96A00927ACD /* NPOManager+Tips.swift in Sources */ = {isa = PBXBuildFile; fileRef = F317B9871D37E96A00927ACD /* NPOManager+Tips.swift */; };
		F317B98A1D37EA7300927ACD /* NPOEpisode.swift in Sources */ = {isa = PBXBuildFile; fileRef = F317B9891D37EA7300927ACD /* NPOEpisode.swift */; };
		F317B98C1D37EC8B00927ACD /* Mappable+CustomDebugStringConvertible.swift in Sources */ = {isa = PBXBuildFile; fileRef = F317B98B1D37EC8B00927ACD /* Mappable+CustomDebugStringConvertible.swift */; };
		F317B98E1D37EDE300927ACD /* Mappable+CustomStringConvertible.swift in Sources */ = {isa = PBXBuildFile; fileRef = F317B98D1D37EDE300927ACD /* Mappable+CustomStringConvertible.swift */; };
		F317B9901D38DD7F00927ACD /* NPOMedia.swift in Sources */ = {isa = PBXBuildFile; fileRef = F317B98F1D38DD7F00927ACD /* NPOMedia.swift */; };
		F317B9921D38E0FF00927ACD /* NPOManager+Image.swift in Sources */ = {isa = PBXBuildFile; fileRef = F317B9911D38E0FF00927ACD /* NPOManager+Image.swift */; };
		F317B9941D38E55C00927ACD /* NPOImage.swift in Sources */ = {isa = PBXBuildFile; fileRef = F317B9931D38E55C00927ACD /* NPOImage.swift */; };
		F317B9961D38E8A700927ACD /* NPODetailedMedia.swift in Sources */ = {isa = PBXBuildFile; fileRef = F317B9951D38E8A700927ACD /* NPODetailedMedia.swift */; };
		F317B9981D38E9DC00927ACD /* NPOStill.swift in Sources */ = {isa = PBXBuildFile; fileRef = F317B9971D38E9DC00927ACD /* NPOStill.swift */; };
		F317B99A1D38EB3C00927ACD /* NPOFragment.swift in Sources */ = {isa = PBXBuildFile; fileRef = F317B9991D38EB3C00927ACD /* NPOFragment.swift */; };
		F317B99C1D38EE0D00927ACD /* NPORestriction.swift in Sources */ = {isa = PBXBuildFile; fileRef = F317B99B1D38EE0D00927ACD /* NPORestriction.swift */; };
		F317B99E1D38EECF00927ACD /* NPOTimeRestriction.swift in Sources */ = {isa = PBXBuildFile; fileRef = F317B99D1D38EECF00927ACD /* NPOTimeRestriction.swift */; };
		F317B9A31D38F85E00927ACD /* NPOManager+Episodes.swift in Sources */ = {isa = PBXBuildFile; fileRef = F317B9A21D38F85E00927ACD /* NPOManager+Episodes.swift */; };
		F317B9A51D3901AC00927ACD /* NPORestrictedMedia.swift in Sources */ = {isa = PBXBuildFile; fileRef = F317B9A41D3901AC00927ACD /* NPORestrictedMedia.swift */; };
		F317B9AC1D393DB900927ACD /* NPOManager+Stream.swift in Sources */ = {isa = PBXBuildFile; fileRef = F317B9AB1D393DB900927ACD /* NPOManager+Stream.swift */; };
		F317B9AE1D39429D00927ACD /* NPOStream.swift in Sources */ = {isa = PBXBuildFile; fileRef = F317B9AD1D39429D00927ACD /* NPOStream.swift */; };
		F317B9B01D395BCC00927ACD /* NPOStreamLocation.swift in Sources */ = {isa = PBXBuildFile; fileRef = F317B9AF1D395BCC00927ACD /* NPOStreamLocation.swift */; };
		F33621E81D366DA900645603 /* NPOKit.h in Headers */ = {isa = PBXBuildFile; fileRef = F33621E71D366DA900645603 /* NPOKit.h */; settings = {ATTRIBUTES = (Public, ); }; };
		F33621EF1D366DA900645603 /* NPOKit.framework in Frameworks */ = {isa = PBXBuildFile; fileRef = F33621E41D366DA900645603 /* NPOKit.framework */; };
		F33621F41D366DA900645603 /* NPOKitTests.swift in Sources */ = {isa = PBXBuildFile; fileRef = F33621F31D366DA900645603 /* NPOKitTests.swift */; };
		F3C9F3FE1D366E1A007E3B8D /* NPOManager.swift in Sources */ = {isa = PBXBuildFile; fileRef = F3C9F3FD1D366E1A007E3B8D /* NPOManager.swift */; };
/* End PBXBuildFile section */

/* Begin PBXContainerItemProxy section */
		F33621F01D366DA900645603 /* PBXContainerItemProxy */ = {
			isa = PBXContainerItemProxy;
			containerPortal = F33621DB1D366DA900645603 /* Project object */;
			proxyType = 1;
			remoteGlobalIDString = F33621E31D366DA900645603;
			remoteInfo = NPOKit;
		};
/* End PBXContainerItemProxy section */

/* Begin PBXFileReference section */
		526F416396C3D376EE22A2D5 /* Pods-NPOKitAbstract-NPOKit.release.xcconfig */ = {isa = PBXFileReference; includeInIndex = 1; lastKnownFileType = text.xcconfig; name = "Pods-NPOKitAbstract-NPOKit.release.xcconfig"; path = "Pods/Target Support Files/Pods-NPOKitAbstract-NPOKit/Pods-NPOKitAbstract-NPOKit.release.xcconfig"; sourceTree = "<group>"; };
		857C6A40416C109BB2C91B68 /* Pods-NPOKitAbstract-NPOKit.debug.xcconfig */ = {isa = PBXFileReference; includeInIndex = 1; lastKnownFileType = text.xcconfig; name = "Pods-NPOKitAbstract-NPOKit.debug.xcconfig"; path = "Pods/Target Support Files/Pods-NPOKitAbstract-NPOKit/Pods-NPOKitAbstract-NPOKit.debug.xcconfig"; sourceTree = "<group>"; };
		89C578F1ED7479A60DC56792 /* Pods_NPOKitAbstract_NPOKit.framework */ = {isa = PBXFileReference; explicitFileType = wrapper.framework; includeInIndex = 0; path = Pods_NPOKitAbstract_NPOKit.framework; sourceTree = BUILT_PRODUCTS_DIR; };
		F317B97A1D37BEEA00927ACD /* NPOManager+Token.swift */ = {isa = PBXFileReference; fileEncoding = 4; lastKnownFileType = sourcecode.swift; path = "NPOManager+Token.swift"; sourceTree = "<group>"; };
		F317B97C1D37BF4B00927ACD /* NPOManager+Programs.swift */ = {isa = PBXFileReference; fileEncoding = 4; lastKnownFileType = sourcecode.swift; path = "NPOManager+Programs.swift"; sourceTree = "<group>"; };
		F317B9811D37D69D00927ACD /* NPOProgram.swift */ = {isa = PBXFileReference; fileEncoding = 4; lastKnownFileType = sourcecode.swift; path = NPOProgram.swift; sourceTree = "<group>"; };
		F317B9831D37E54E00927ACD /* NPOManager+Generics.swift */ = {isa = PBXFileReference; fileEncoding = 4; lastKnownFileType = sourcecode.swift; path = "NPOManager+Generics.swift"; sourceTree = "<group>"; };
		F317B9851D37E8F400927ACD /* NPOTip.swift */ = {isa = PBXFileReference; fileEncoding = 4; lastKnownFileType = sourcecode.swift; path = NPOTip.swift; sourceTree = "<group>"; };
		F317B9871D37E96A00927ACD /* NPOManager+Tips.swift */ = {isa = PBXFileReference; fileEncoding = 4; lastKnownFileType = sourcecode.swift; path = "NPOManager+Tips.swift"; sourceTree = "<group>"; };
		F317B9891D37EA7300927ACD /* NPOEpisode.swift */ = {isa = PBXFileReference; fileEncoding = 4; lastKnownFileType = sourcecode.swift; path = NPOEpisode.swift; sourceTree = "<group>"; };
		F317B98B1D37EC8B00927ACD /* Mappable+CustomDebugStringConvertible.swift */ = {isa = PBXFileReference; fileEncoding = 4; lastKnownFileType = sourcecode.swift; path = "Mappable+CustomDebugStringConvertible.swift"; sourceTree = "<group>"; };
		F317B98D1D37EDE300927ACD /* Mappable+CustomStringConvertible.swift */ = {isa = PBXFileReference; fileEncoding = 4; lastKnownFileType = sourcecode.swift; path = "Mappable+CustomStringConvertible.swift"; sourceTree = "<group>"; };
		F317B98F1D38DD7F00927ACD /* NPOMedia.swift */ = {isa = PBXFileReference; fileEncoding = 4; lastKnownFileType = sourcecode.swift; path = NPOMedia.swift; sourceTree = "<group>"; };
		F317B9911D38E0FF00927ACD /* NPOManager+Image.swift */ = {isa = PBXFileReference; fileEncoding = 4; lastKnownFileType = sourcecode.swift; path = "NPOManager+Image.swift"; sourceTree = "<group>"; };
		F317B9931D38E55C00927ACD /* NPOImage.swift */ = {isa = PBXFileReference; fileEncoding = 4; lastKnownFileType = sourcecode.swift; path = NPOImage.swift; sourceTree = "<group>"; };
		F317B9951D38E8A700927ACD /* NPODetailedMedia.swift */ = {isa = PBXFileReference; fileEncoding = 4; lastKnownFileType = sourcecode.swift; path = NPODetailedMedia.swift; sourceTree = "<group>"; };
		F317B9971D38E9DC00927ACD /* NPOStill.swift */ = {isa = PBXFileReference; fileEncoding = 4; lastKnownFileType = sourcecode.swift; path = NPOStill.swift; sourceTree = "<group>"; };
		F317B9991D38EB3C00927ACD /* NPOFragment.swift */ = {isa = PBXFileReference; fileEncoding = 4; lastKnownFileType = sourcecode.swift; path = NPOFragment.swift; sourceTree = "<group>"; };
		F317B99B1D38EE0D00927ACD /* NPORestriction.swift */ = {isa = PBXFileReference; fileEncoding = 4; lastKnownFileType = sourcecode.swift; path = NPORestriction.swift; sourceTree = "<group>"; };
		F317B99D1D38EECF00927ACD /* NPOTimeRestriction.swift */ = {isa = PBXFileReference; fileEncoding = 4; lastKnownFileType = sourcecode.swift; path = NPOTimeRestriction.swift; sourceTree = "<group>"; };
		F317B9A21D38F85E00927ACD /* NPOManager+Episodes.swift */ = {isa = PBXFileReference; fileEncoding = 4; lastKnownFileType = sourcecode.swift; path = "NPOManager+Episodes.swift"; sourceTree = "<group>"; };
		F317B9A41D3901AC00927ACD /* NPORestrictedMedia.swift */ = {isa = PBXFileReference; fileEncoding = 4; lastKnownFileType = sourcecode.swift; path = NPORestrictedMedia.swift; sourceTree = "<group>"; };
		F317B9AB1D393DB900927ACD /* NPOManager+Stream.swift */ = {isa = PBXFileReference; fileEncoding = 4; lastKnownFileType = sourcecode.swift; path = "NPOManager+Stream.swift"; sourceTree = "<group>"; };
		F317B9AD1D39429D00927ACD /* NPOStream.swift */ = {isa = PBXFileReference; fileEncoding = 4; lastKnownFileType = sourcecode.swift; path = NPOStream.swift; sourceTree = "<group>"; };
		F317B9AF1D395BCC00927ACD /* NPOStreamLocation.swift */ = {isa = PBXFileReference; fileEncoding = 4; lastKnownFileType = sourcecode.swift; path = NPOStreamLocation.swift; sourceTree = "<group>"; };
		F33621E41D366DA900645603 /* NPOKit.framework */ = {isa = PBXFileReference; explicitFileType = wrapper.framework; includeInIndex = 0; path = NPOKit.framework; sourceTree = BUILT_PRODUCTS_DIR; };
		F33621E71D366DA900645603 /* NPOKit.h */ = {isa = PBXFileReference; lastKnownFileType = sourcecode.c.h; path = NPOKit.h; sourceTree = "<group>"; };
		F33621E91D366DA900645603 /* Info.plist */ = {isa = PBXFileReference; lastKnownFileType = text.plist.xml; path = Info.plist; sourceTree = "<group>"; };
		F33621EE1D366DA900645603 /* NPOKitTests.xctest */ = {isa = PBXFileReference; explicitFileType = wrapper.cfbundle; includeInIndex = 0; path = NPOKitTests.xctest; sourceTree = BUILT_PRODUCTS_DIR; };
		F33621F31D366DA900645603 /* NPOKitTests.swift */ = {isa = PBXFileReference; lastKnownFileType = sourcecode.swift; path = NPOKitTests.swift; sourceTree = "<group>"; };
		F33621F51D366DA900645603 /* Info.plist */ = {isa = PBXFileReference; lastKnownFileType = text.plist.xml; path = Info.plist; sourceTree = "<group>"; };
		F3C9F3FD1D366E1A007E3B8D /* NPOManager.swift */ = {isa = PBXFileReference; fileEncoding = 4; lastKnownFileType = sourcecode.swift; path = NPOManager.swift; sourceTree = "<group>"; };
/* End PBXFileReference section */

/* Begin PBXFrameworksBuildPhase section */
		F33621E01D366DA900645603 /* Frameworks */ = {
			isa = PBXFrameworksBuildPhase;
			buildActionMask = 2147483647;
			files = (
				C4C6A4C45D38806FBB6406A3 /* Pods_NPOKitAbstract_NPOKit.framework in Frameworks */,
			);
			runOnlyForDeploymentPostprocessing = 0;
		};
		F33621EB1D366DA900645603 /* Frameworks */ = {
			isa = PBXFrameworksBuildPhase;
			buildActionMask = 2147483647;
			files = (
				F33621EF1D366DA900645603 /* NPOKit.framework in Frameworks */,
			);
			runOnlyForDeploymentPostprocessing = 0;
		};
/* End PBXFrameworksBuildPhase section */

/* Begin PBXGroup section */
		76C3A3570B2D8695899ECA4D /* Pods */ = {
			isa = PBXGroup;
			children = (
				857C6A40416C109BB2C91B68 /* Pods-NPOKitAbstract-NPOKit.debug.xcconfig */,
				526F416396C3D376EE22A2D5 /* Pods-NPOKitAbstract-NPOKit.release.xcconfig */,
			);
			name = Pods;
			sourceTree = "<group>";
		};
		F317B9801D37D5DE00927ACD /* Models */ = {
			isa = PBXGroup;
			children = (
				F317B99F1D38F21E00927ACD /* Extensions */,
				F317B9A11D38F25700927ACD /* Base Models */,
				F317B9A01D38F23300927ACD /* Child Models */,
				F317B9811D37D69D00927ACD /* NPOProgram.swift */,
				F317B9851D37E8F400927ACD /* NPOTip.swift */,
				F317B9891D37EA7300927ACD /* NPOEpisode.swift */,
			);
			name = Models;
			sourceTree = "<group>";
		};
		F317B99F1D38F21E00927ACD /* Extensions */ = {
			isa = PBXGroup;
			children = (
				F317B98D1D37EDE300927ACD /* Mappable+CustomStringConvertible.swift */,
				F317B98B1D37EC8B00927ACD /* Mappable+CustomDebugStringConvertible.swift */,
			);
			name = Extensions;
			sourceTree = "<group>";
		};
		F317B9A01D38F23300927ACD /* Child Models */ = {
			isa = PBXGroup;
			children = (
				F317B9971D38E9DC00927ACD /* NPOStill.swift */,
				F317B9991D38EB3C00927ACD /* NPOFragment.swift */,
				F317B99B1D38EE0D00927ACD /* NPORestriction.swift */,
				F317B99D1D38EECF00927ACD /* NPOTimeRestriction.swift */,
			);
			name = "Child Models";
			sourceTree = "<group>";
		};
		F317B9A11D38F25700927ACD /* Base Models */ = {
			isa = PBXGroup;
			children = (
				F317B9931D38E55C00927ACD /* NPOImage.swift */,
				F317B98F1D38DD7F00927ACD /* NPOMedia.swift */,
				F317B9A41D3901AC00927ACD /* NPORestrictedMedia.swift */,
				F317B9951D38E8A700927ACD /* NPODetailedMedia.swift */,
				F317B9AD1D39429D00927ACD /* NPOStream.swift */,
				F317B9AF1D395BCC00927ACD /* NPOStreamLocation.swift */,
			);
			name = "Base Models";
			sourceTree = "<group>";
		};
		F317B9A61D390E5F00927ACD /* Networking */ = {
			isa = PBXGroup;
			children = (
				F317B97A1D37BEEA00927ACD /* NPOManager+Token.swift */,
				F317B9AB1D393DB900927ACD /* NPOManager+Stream.swift */,
				F317B9831D37E54E00927ACD /* NPOManager+Generics.swift */,
				F317B9911D38E0FF00927ACD /* NPOManager+Image.swift */,
				F317B9871D37E96A00927ACD /* NPOManager+Tips.swift */,
				F317B97C1D37BF4B00927ACD /* NPOManager+Programs.swift */,
				F317B9A21D38F85E00927ACD /* NPOManager+Episodes.swift */,
			);
			name = Networking;
			sourceTree = "<group>";
		};
		F33621DA1D366DA900645603 = {
			isa = PBXGroup;
			children = (
				F33621E61D366DA900645603 /* NPOKit */,
				F33621F21D366DA900645603 /* NPOKitTests */,
				F33621E51D366DA900645603 /* Products */,
				76C3A3570B2D8695899ECA4D /* Pods */,
				F4AE6FFF2FEAEF02823FA964 /* Frameworks */,
			);
			sourceTree = "<group>";
		};
		F33621E51D366DA900645603 /* Products */ = {
			isa = PBXGroup;
			children = (
				F33621E41D366DA900645603 /* NPOKit.framework */,
				F33621EE1D366DA900645603 /* NPOKitTests.xctest */,
			);
			name = Products;
			sourceTree = "<group>";
		};
		F33621E61D366DA900645603 /* NPOKit */ = {
			isa = PBXGroup;
			children = (
				F33621E71D366DA900645603 /* NPOKit.h */,
				F33621E91D366DA900645603 /* Info.plist */,
				F3C9F3FD1D366E1A007E3B8D /* NPOManager.swift */,
				F317B9A61D390E5F00927ACD /* Networking */,
				F317B9801D37D5DE00927ACD /* Models */,
			);
			path = NPOKit;
			sourceTree = "<group>";
		};
		F33621F21D366DA900645603 /* NPOKitTests */ = {
			isa = PBXGroup;
			children = (
				F33621F31D366DA900645603 /* NPOKitTests.swift */,
				F33621F51D366DA900645603 /* Info.plist */,
			);
			path = NPOKitTests;
			sourceTree = "<group>";
		};
		F4AE6FFF2FEAEF02823FA964 /* Frameworks */ = {
			isa = PBXGroup;
			children = (
				89C578F1ED7479A60DC56792 /* Pods_NPOKitAbstract_NPOKit.framework */,
			);
			name = Frameworks;
			sourceTree = "<group>";
		};
/* End PBXGroup section */

/* Begin PBXHeadersBuildPhase section */
		F33621E11D366DA900645603 /* Headers */ = {
			isa = PBXHeadersBuildPhase;
			buildActionMask = 2147483647;
			files = (
				F33621E81D366DA900645603 /* NPOKit.h in Headers */,
			);
			runOnlyForDeploymentPostprocessing = 0;
		};
/* End PBXHeadersBuildPhase section */

/* Begin PBXNativeTarget section */
		F33621E31D366DA900645603 /* NPOKit */ = {
			isa = PBXNativeTarget;
			buildConfigurationList = F33621F81D366DA900645603 /* Build configuration list for PBXNativeTarget "NPOKit" */;
			buildPhases = (
				61CEB7A688A5B493A583D637 /* [CP] Check Pods Manifest.lock */,
				F33621DF1D366DA900645603 /* Sources */,
				F33621E01D366DA900645603 /* Frameworks */,
				F33621E11D366DA900645603 /* Headers */,
				F33621E21D366DA900645603 /* Resources */,
				5090092CDF8EC7BF4022DAED /* [CP] Copy Pods Resources */,
				F317B9741D37BB6500927ACD /* SwiftLint */,
			);
			buildRules = (
			);
			dependencies = (
			);
			name = NPOKit;
			productName = NPOKit;
			productReference = F33621E41D366DA900645603 /* NPOKit.framework */;
			productType = "com.apple.product-type.framework";
		};
		F33621ED1D366DA900645603 /* NPOKitTests */ = {
			isa = PBXNativeTarget;
			buildConfigurationList = F33621FB1D366DA900645603 /* Build configuration list for PBXNativeTarget "NPOKitTests" */;
			buildPhases = (
				F33621EA1D366DA900645603 /* Sources */,
				F33621EB1D366DA900645603 /* Frameworks */,
				F33621EC1D366DA900645603 /* Resources */,
			);
			buildRules = (
			);
			dependencies = (
				F33621F11D366DA900645603 /* PBXTargetDependency */,
			);
			name = NPOKitTests;
			productName = NPOKitTests;
			productReference = F33621EE1D366DA900645603 /* NPOKitTests.xctest */;
			productType = "com.apple.product-type.bundle.unit-test";
		};
/* End PBXNativeTarget section */

/* Begin PBXProject section */
		F33621DB1D366DA900645603 /* Project object */ = {
			isa = PBXProject;
			attributes = {
				LastSwiftUpdateCheck = 0730;
				LastUpgradeCheck = 0730;
				ORGANIZATIONNAME = "Jeroen Wesbeek";
				TargetAttributes = {
					F33621E31D366DA900645603 = {
						CreatedOnToolsVersion = 7.3.1;
					};
					F33621ED1D366DA900645603 = {
						CreatedOnToolsVersion = 7.3.1;
					};
				};
			};
			buildConfigurationList = F33621DE1D366DA900645603 /* Build configuration list for PBXProject "NPOKit" */;
			compatibilityVersion = "Xcode 3.2";
			developmentRegion = English;
			hasScannedForEncodings = 0;
			knownRegions = (
				en,
			);
			mainGroup = F33621DA1D366DA900645603;
			productRefGroup = F33621E51D366DA900645603 /* Products */;
			projectDirPath = "";
			projectRoot = "";
			targets = (
				F33621E31D366DA900645603 /* NPOKit */,
				F33621ED1D366DA900645603 /* NPOKitTests */,
			);
		};
/* End PBXProject section */

/* Begin PBXResourcesBuildPhase section */
		F33621E21D366DA900645603 /* Resources */ = {
			isa = PBXResourcesBuildPhase;
			buildActionMask = 2147483647;
			files = (
			);
			runOnlyForDeploymentPostprocessing = 0;
		};
		F33621EC1D366DA900645603 /* Resources */ = {
			isa = PBXResourcesBuildPhase;
			buildActionMask = 2147483647;
			files = (
			);
			runOnlyForDeploymentPostprocessing = 0;
		};
/* End PBXResourcesBuildPhase section */

/* Begin PBXShellScriptBuildPhase section */
		5090092CDF8EC7BF4022DAED /* [CP] Copy Pods Resources */ = {
			isa = PBXShellScriptBuildPhase;
			buildActionMask = 2147483647;
			files = (
			);
			inputPaths = (
			);
			name = "[CP] Copy Pods Resources";
			outputPaths = (
			);
			runOnlyForDeploymentPostprocessing = 0;
			shellPath = /bin/sh;
			shellScript = "\"${SRCROOT}/Pods/Target Support Files/Pods-NPOKitAbstract-NPOKit/Pods-NPOKitAbstract-NPOKit-resources.sh\"\n";
			showEnvVarsInLog = 0;
		};
		61CEB7A688A5B493A583D637 /* [CP] Check Pods Manifest.lock */ = {
			isa = PBXShellScriptBuildPhase;
			buildActionMask = 2147483647;
			files = (
			);
			inputPaths = (
			);
			name = "[CP] Check Pods Manifest.lock";
			outputPaths = (
			);
			runOnlyForDeploymentPostprocessing = 0;
			shellPath = /bin/sh;
			shellScript = "diff \"${PODS_ROOT}/../Podfile.lock\" \"${PODS_ROOT}/Manifest.lock\" > /dev/null\nif [[ $? != 0 ]] ; then\n    cat << EOM\nerror: The sandbox is not in sync with the Podfile.lock. Run 'pod install' or update your CocoaPods installation.\nEOM\n    exit 1\nfi\n";
			showEnvVarsInLog = 0;
		};
		F317B9741D37BB6500927ACD /* SwiftLint */ = {
			isa = PBXShellScriptBuildPhase;
			buildActionMask = 2147483647;
			files = (
			);
			inputPaths = (
			);
			name = SwiftLint;
			outputPaths = (
			);
			runOnlyForDeploymentPostprocessing = 0;
			shellPath = /bin/sh;
			shellScript = "if which swiftlint >/dev/null; then\nswiftlint\nelse\necho \"warning: SwiftLint not installed, download from https://github.com/realm/SwiftLint\"\nfi";
		};
/* End PBXShellScriptBuildPhase section */

/* Begin PBXSourcesBuildPhase section */
		F33621DF1D366DA900645603 /* Sources */ = {
			isa = PBXSourcesBuildPhase;
			buildActionMask = 2147483647;
			files = (
				F317B9961D38E8A700927ACD /* NPODetailedMedia.swift in Sources */,
				F317B9821D37D69D00927ACD /* NPOProgram.swift in Sources */,
				F317B98A1D37EA7300927ACD /* NPOEpisode.swift in Sources */,
				F317B9881D37E96A00927ACD /* NPOManager+Tips.swift in Sources */,
				F317B9841D37E54E00927ACD /* NPOManager+Generics.swift in Sources */,
				F317B99E1D38EECF00927ACD /* NPOTimeRestriction.swift in Sources */,
				F3C9F3FE1D366E1A007E3B8D /* NPOManager.swift in Sources */,
				F317B97B1D37BEEA00927ACD /* NPOManager+Token.swift in Sources */,
				F317B97D1D37BF4B00927ACD /* NPOManager+Programs.swift in Sources */,
				F317B9901D38DD7F00927ACD /* NPOMedia.swift in Sources */,
				F317B9941D38E55C00927ACD /* NPOImage.swift in Sources */,
				F317B98E1D37EDE300927ACD /* Mappable+CustomStringConvertible.swift in Sources */,
				F317B9A51D3901AC00927ACD /* NPORestrictedMedia.swift in Sources */,
				F317B9B01D395BCC00927ACD /* NPOStreamLocation.swift in Sources */,
				F317B9AE1D39429D00927ACD /* NPOStream.swift in Sources */,
				F317B9A31D38F85E00927ACD /* NPOManager+Episodes.swift in Sources */,
				F317B98C1D37EC8B00927ACD /* Mappable+CustomDebugStringConvertible.swift in Sources */,
				F317B9861D37E8F400927ACD /* NPOTip.swift in Sources */,
				F317B99A1D38EB3C00927ACD /* NPOFragment.swift in Sources */,
				F317B9921D38E0FF00927ACD /* NPOManager+Image.swift in Sources */,
				F317B99C1D38EE0D00927ACD /* NPORestriction.swift in Sources */,
				F317B9981D38E9DC00927ACD /* NPOStill.swift in Sources */,
				F317B9AC1D393DB900927ACD /* NPOManager+Stream.swift in Sources */,
			);
			runOnlyForDeploymentPostprocessing = 0;
		};
		F33621EA1D366DA900645603 /* Sources */ = {
			isa = PBXSourcesBuildPhase;
			buildActionMask = 2147483647;
			files = (
				F33621F41D366DA900645603 /* NPOKitTests.swift in Sources */,
			);
			runOnlyForDeploymentPostprocessing = 0;
		};
/* End PBXSourcesBuildPhase section */

/* Begin PBXTargetDependency section */
		F33621F11D366DA900645603 /* PBXTargetDependency */ = {
			isa = PBXTargetDependency;
			target = F33621E31D366DA900645603 /* NPOKit */;
			targetProxy = F33621F01D366DA900645603 /* PBXContainerItemProxy */;
		};
/* End PBXTargetDependency section */

/* Begin XCBuildConfiguration section */
		F33621F61D366DA900645603 /* Debug */ = {
			isa = XCBuildConfiguration;
			buildSettings = {
				ALWAYS_SEARCH_USER_PATHS = NO;
				CLANG_ANALYZER_NONNULL = YES;
				CLANG_CXX_LANGUAGE_STANDARD = "gnu++0x";
				CLANG_CXX_LIBRARY = "libc++";
				CLANG_ENABLE_MODULES = YES;
				CLANG_ENABLE_OBJC_ARC = YES;
				CLANG_WARN_BOOL_CONVERSION = YES;
				CLANG_WARN_CONSTANT_CONVERSION = YES;
				CLANG_WARN_DIRECT_OBJC_ISA_USAGE = YES_ERROR;
				CLANG_WARN_EMPTY_BODY = YES;
				CLANG_WARN_ENUM_CONVERSION = YES;
				CLANG_WARN_INT_CONVERSION = YES;
				CLANG_WARN_OBJC_ROOT_CLASS = YES_ERROR;
				CLANG_WARN_UNREACHABLE_CODE = YES;
				CLANG_WARN__DUPLICATE_METHOD_MATCH = YES;
				COPY_PHASE_STRIP = NO;
				CURRENT_PROJECT_VERSION = 1;
				DEBUG_INFORMATION_FORMAT = dwarf;
				ENABLE_STRICT_OBJC_MSGSEND = YES;
				ENABLE_TESTABILITY = YES;
				GCC_C_LANGUAGE_STANDARD = gnu99;
				GCC_DYNAMIC_NO_PIC = NO;
				GCC_NO_COMMON_BLOCKS = YES;
				GCC_OPTIMIZATION_LEVEL = 0;
				GCC_PREPROCESSOR_DEFINITIONS = (
					"DEBUG=1",
					"$(inherited)",
				);
				GCC_WARN_64_TO_32_BIT_CONVERSION = YES;
				GCC_WARN_ABOUT_RETURN_TYPE = YES_ERROR;
				GCC_WARN_UNDECLARED_SELECTOR = YES;
				GCC_WARN_UNINITIALIZED_AUTOS = YES_AGGRESSIVE;
				GCC_WARN_UNUSED_FUNCTION = YES;
				GCC_WARN_UNUSED_VARIABLE = YES;
				MTL_ENABLE_DEBUG_INFO = YES;
				ONLY_ACTIVE_ARCH = YES;
				SDKROOT = appletvos;
				SWIFT_OPTIMIZATION_LEVEL = "-Onone";
				TARGETED_DEVICE_FAMILY = 3;
				TVOS_DEPLOYMENT_TARGET = 9.2;
				VERSIONING_SYSTEM = "apple-generic";
				VERSION_INFO_PREFIX = "";
			};
			name = Debug;
		};
		F33621F71D366DA900645603 /* Release */ = {
			isa = XCBuildConfiguration;
			buildSettings = {
				ALWAYS_SEARCH_USER_PATHS = NO;
				CLANG_ANALYZER_NONNULL = YES;
				CLANG_CXX_LANGUAGE_STANDARD = "gnu++0x";
				CLANG_CXX_LIBRARY = "libc++";
				CLANG_ENABLE_MODULES = YES;
				CLANG_ENABLE_OBJC_ARC = YES;
				CLANG_WARN_BOOL_CONVERSION = YES;
				CLANG_WARN_CONSTANT_CONVERSION = YES;
				CLANG_WARN_DIRECT_OBJC_ISA_USAGE = YES_ERROR;
				CLANG_WARN_EMPTY_BODY = YES;
				CLANG_WARN_ENUM_CONVERSION = YES;
				CLANG_WARN_INT_CONVERSION = YES;
				CLANG_WARN_OBJC_ROOT_CLASS = YES_ERROR;
				CLANG_WARN_UNREACHABLE_CODE = YES;
				CLANG_WARN__DUPLICATE_METHOD_MATCH = YES;
				COPY_PHASE_STRIP = NO;
				CURRENT_PROJECT_VERSION = 1;
				DEBUG_INFORMATION_FORMAT = "dwarf-with-dsym";
				ENABLE_NS_ASSERTIONS = NO;
				ENABLE_STRICT_OBJC_MSGSEND = YES;
				GCC_C_LANGUAGE_STANDARD = gnu99;
				GCC_NO_COMMON_BLOCKS = YES;
				GCC_WARN_64_TO_32_BIT_CONVERSION = YES;
				GCC_WARN_ABOUT_RETURN_TYPE = YES_ERROR;
				GCC_WARN_UNDECLARED_SELECTOR = YES;
				GCC_WARN_UNINITIALIZED_AUTOS = YES_AGGRESSIVE;
				GCC_WARN_UNUSED_FUNCTION = YES;
				GCC_WARN_UNUSED_VARIABLE = YES;
				MTL_ENABLE_DEBUG_INFO = NO;
				SDKROOT = appletvos;
				TARGETED_DEVICE_FAMILY = 3;
				TVOS_DEPLOYMENT_TARGET = 9.2;
				VALIDATE_PRODUCT = YES;
				VERSIONING_SYSTEM = "apple-generic";
				VERSION_INFO_PREFIX = "";
			};
			name = Release;
		};
		F33621F91D366DA900645603 /* Debug */ = {
			isa = XCBuildConfiguration;
			baseConfigurationReference = 857C6A40416C109BB2C91B68 /* Pods-NPOKitAbstract-NPOKit.debug.xcconfig */;
			buildSettings = {
				CLANG_ENABLE_MODULES = YES;
				DEFINES_MODULE = YES;
				DYLIB_COMPATIBILITY_VERSION = 1;
				DYLIB_CURRENT_VERSION = 1;
				DYLIB_INSTALL_NAME_BASE = "@rpath";
				INFOPLIST_FILE = NPOKit/Info.plist;
				INSTALL_PATH = "$(LOCAL_LIBRARY_DIR)/Frameworks";
				LD_RUNPATH_SEARCH_PATHS = "$(inherited) @executable_path/Frameworks @loader_path/Frameworks";
				PRODUCT_BUNDLE_IDENTIFIER = eu.osx.NPOKit;
				PRODUCT_NAME = "$(TARGET_NAME)";
				SKIP_INSTALL = YES;
				SWIFT_OPTIMIZATION_LEVEL = "-Onone";
			};
			name = Debug;
		};
		F33621FA1D366DA900645603 /* Release */ = {
			isa = XCBuildConfiguration;
			baseConfigurationReference = 526F416396C3D376EE22A2D5 /* Pods-NPOKitAbstract-NPOKit.release.xcconfig */;
			buildSettings = {
				CLANG_ENABLE_MODULES = YES;
				DEFINES_MODULE = YES;
				DYLIB_COMPATIBILITY_VERSION = 1;
				DYLIB_CURRENT_VERSION = 1;
				DYLIB_INSTALL_NAME_BASE = "@rpath";
				INFOPLIST_FILE = NPOKit/Info.plist;
				INSTALL_PATH = "$(LOCAL_LIBRARY_DIR)/Frameworks";
				LD_RUNPATH_SEARCH_PATHS = "$(inherited) @executable_path/Frameworks @loader_path/Frameworks";
				PRODUCT_BUNDLE_IDENTIFIER = eu.osx.NPOKit;
				PRODUCT_NAME = "$(TARGET_NAME)";
				SKIP_INSTALL = YES;
			};
			name = Release;
		};
		F33621FC1D366DA900645603 /* Debug */ = {
			isa = XCBuildConfiguration;
			buildSettings = {
				INFOPLIST_FILE = NPOKitTests/Info.plist;
				LD_RUNPATH_SEARCH_PATHS = "$(inherited) @executable_path/Frameworks @loader_path/Frameworks";
				PRODUCT_BUNDLE_IDENTIFIER = eu.osx.NPOKitTests;
				PRODUCT_NAME = "$(TARGET_NAME)";
			};
			name = Debug;
		};
		F33621FD1D366DA900645603 /* Release */ = {
			isa = XCBuildConfiguration;
			buildSettings = {
				INFOPLIST_FILE = NPOKitTests/Info.plist;
				LD_RUNPATH_SEARCH_PATHS = "$(inherited) @executable_path/Frameworks @loader_path/Frameworks";
				PRODUCT_BUNDLE_IDENTIFIER = eu.osx.NPOKitTests;
				PRODUCT_NAME = "$(TARGET_NAME)";
			};
			name = Release;
		};
/* End XCBuildConfiguration section */

/* Begin XCConfigurationList section */
		F33621DE1D366DA900645603 /* Build configuration list for PBXProject "NPOKit" */ = {
			isa = XCConfigurationList;
			buildConfigurations = (
				F33621F61D366DA900645603 /* Debug */,
				F33621F71D366DA900645603 /* Release */,
			);
			defaultConfigurationIsVisible = 0;
			defaultConfigurationName = Release;
		};
		F33621F81D366DA900645603 /* Build configuration list for PBXNativeTarget "NPOKit" */ = {
			isa = XCConfigurationList;
			buildConfigurations = (
				F33621F91D366DA900645603 /* Debug */,
				F33621FA1D366DA900645603 /* Release */,
			);
			defaultConfigurationIsVisible = 0;
			defaultConfigurationName = Release;
		};
		F33621FB1D366DA900645603 /* Build configuration list for PBXNativeTarget "NPOKitTests" */ = {
			isa = XCConfigurationList;
			buildConfigurations = (
				F33621FC1D366DA900645603 /* Debug */,
				F33621FD1D366DA900645603 /* Release */,
			);
			defaultConfigurationIsVisible = 0;
			defaultConfigurationName = Release;
		};
/* End XCConfigurationList section */
	};
	rootObject = F33621DB1D366DA900645603 /* Project object */;
}
