// !$*UTF8*$!
{
	archiveVersion = 1;
	classes = {
	};
	objectVersion = 46;
	objects = {

/* Begin PBXBuildFile section */
		F3D0C2581D36650F00A5BE93 /* AppDelegate.swift in Sources */ = {isa = PBXBuildFile; fileRef = F3D0C2571D36650F00A5BE93 /* AppDelegate.swift */; };
		F3D0C25A1D36650F00A5BE93 /* ViewController.swift in Sources */ = {isa = PBXBuildFile; fileRef = F3D0C2591D36650F00A5BE93 /* ViewController.swift */; };
		F3D0C25D1D36650F00A5BE93 /* Main.storyboard in Resources */ = {isa = PBXBuildFile; fileRef = F3D0C25B1D36650F00A5BE93 /* Main.storyboard */; };
		F3D0C25F1D36650F00A5BE93 /* Assets.xcassets in Resources */ = {isa = PBXBuildFile; fileRef = F3D0C25E1D36650F00A5BE93 /* Assets.xcassets */; };
/* End PBXBuildFile section */

/* Begin PBXFileReference section */
		F3D0C2541D36650F00A5BE93 /* UitzendingGemist.app */ = {isa = PBXFileReference; explicitFileType = wrapper.application; includeInIndex = 0; path = UitzendingGemist.app; sourceTree = BUILT_PRODUCTS_DIR; };
		F3D0C2571D36650F00A5BE93 /* AppDelegate.swift */ = {isa = PBXFileReference; lastKnownFileType = sourcecode.swift; path = AppDelegate.swift; sourceTree = "<group>"; };
		F3D0C2591D36650F00A5BE93 /* ViewController.swift */ = {isa = PBXFileReference; lastKnownFileType = sourcecode.swift; path = ViewController.swift; sourceTree = "<group>"; };
		F3D0C25C1D36650F00A5BE93 /* Base */ = {isa = PBXFileReference; lastKnownFileType = file.storyboard; name = Base; path = Base.lproj/Main.storyboard; sourceTree = "<group>"; };
		F3D0C25E1D36650F00A5BE93 /* Assets.xcassets */ = {isa = PBXFileReference; lastKnownFileType = folder.assetcatalog; path = Assets.xcassets; sourceTree = "<group>"; };
		F3D0C2601D36650F00A5BE93 /* Info.plist */ = {isa = PBXFileReference; lastKnownFileType = text.plist.xml; path = Info.plist; sourceTree = "<group>"; };
/* End PBXFileReference section */

/* Begin PBXFrameworksBuildPhase section */
		F3D0C2511D36650F00A5BE93 /* Frameworks */ = {
			isa = PBXFrameworksBuildPhase;
			buildActionMask = 2147483647;
			files = (
			);
			runOnlyForDeploymentPostprocessing = 0;
		};
/* End PBXFrameworksBuildPhase section */

/* Begin PBXGroup section */
		F3D0C24B1D36650F00A5BE93 = {
			isa = PBXGroup;
			children = (
				F3D0C2561D36650F00A5BE93 /* UitzendingGemist */,
				F3D0C2551D36650F00A5BE93 /* Products */,
			);
			sourceTree = "<group>";
		};
		F3D0C2551D36650F00A5BE93 /* Products */ = {
			isa = PBXGroup;
			children = (
				F3D0C2541D36650F00A5BE93 /* UitzendingGemist.app */,
			);
			name = Products;
			sourceTree = "<group>";
		};
		F3D0C2561D36650F00A5BE93 /* UitzendingGemist */ = {
			isa = PBXGroup;
			children = (
				F3D0C2571D36650F00A5BE93 /* AppDelegate.swift */,
				F3D0C2591D36650F00A5BE93 /* ViewController.swift */,
				F3D0C25B1D36650F00A5BE93 /* Main.storyboard */,
				F3D0C25E1D36650F00A5BE93 /* Assets.xcassets */,
				F3D0C2601D36650F00A5BE93 /* Info.plist */,
			);
			path = UitzendingGemist;
			sourceTree = "<group>";
		};
/* End PBXGroup section */

/* Begin PBXNativeTarget section */
		F3D0C2531D36650F00A5BE93 /* UitzendingGemist */ = {
			isa = PBXNativeTarget;
			buildConfigurationList = F3D0C2631D36650F00A5BE93 /* Build configuration list for PBXNativeTarget "UitzendingGemist" */;
			buildPhases = (
				F3D0C2501D36650F00A5BE93 /* Sources */,
				F3D0C2511D36650F00A5BE93 /* Frameworks */,
				F3D0C2521D36650F00A5BE93 /* Resources */,
			);
			buildRules = (
			);
			dependencies = (
			);
			name = UitzendingGemist;
			productName = UitzendingGemist;
			productReference = F3D0C2541D36650F00A5BE93 /* UitzendingGemist.app */;
			productType = "com.apple.product-type.application";
		};
/* End PBXNativeTarget section */

/* Begin PBXProject section */
		F3D0C24C1D36650F00A5BE93 /* Project object */ = {
			isa = PBXProject;
			attributes = {
				LastSwiftUpdateCheck = 0730;
				LastUpgradeCheck = 0730;
				ORGANIZATIONNAME = "Jeroen Wesbeek";
				TargetAttributes = {
					F3D0C2531D36650F00A5BE93 = {
						CreatedOnToolsVersion = 7.3.1;
					};
				};
			};
			buildConfigurationList = F3D0C24F1D36650F00A5BE93 /* Build configuration list for PBXProject "UitzendingGemist" */;
			compatibilityVersion = "Xcode 3.2";
			developmentRegion = English;
			hasScannedForEncodings = 0;
			knownRegions = (
				en,
				Base,
			);
			mainGroup = F3D0C24B1D36650F00A5BE93;
			productRefGroup = F3D0C2551D36650F00A5BE93 /* Products */;
			projectDirPath = "";
			projectRoot = "";
			targets = (
				F3D0C2531D36650F00A5BE93 /* UitzendingGemist */,
			);
		};
/* End PBXProject section */

/* Begin PBXResourcesBuildPhase section */
		F3D0C2521D36650F00A5BE93 /* Resources */ = {
			isa = PBXResourcesBuildPhase;
			buildActionMask = 2147483647;
			files = (
				F3D0C25F1D36650F00A5BE93 /* Assets.xcassets in Resources */,
				F3D0C25D1D36650F00A5BE93 /* Main.storyboard in Resources */,
			);
			runOnlyForDeploymentPostprocessing = 0;
		};
/* End PBXResourcesBuildPhase section */

/* Begin PBXSourcesBuildPhase section */
		F3D0C2501D36650F00A5BE93 /* Sources */ = {
			isa = PBXSourcesBuildPhase;
			buildActionMask = 2147483647;
			files = (
				F3D0C25A1D36650F00A5BE93 /* ViewController.swift in Sources */,
				F3D0C2581D36650F00A5BE93 /* AppDelegate.swift in Sources */,
			);
			runOnlyForDeploymentPostprocessing = 0;
		};
/* End PBXSourcesBuildPhase section */

/* Begin PBXVariantGroup section */
		F3D0C25B1D36650F00A5BE93 /* Main.storyboard */ = {
			isa = PBXVariantGroup;
			children = (
				F3D0C25C1D36650F00A5BE93 /* Base */,
			);
			name = Main.storyboard;
			sourceTree = "<group>";
		};
/* End PBXVariantGroup section */

/* Begin XCBuildConfiguration section */
		F3D0C2611D36650F00A5BE93 /* Debug */ = {
			isa = XCBuildConfiguration;
			buildSettings = {
				ALWAYS_SEARCH_USER_PATHS = NO;
				CLANG_ANALYZER_NONNULL = YES;
				CLANG_CXX_LANGUAGE_STANDARD = "gnu++0x";
				CLANG_CXX_LIBRARY = "libc++";
				CLANG_ENABLE_MODULES = YES;
				CLANG_ENABLE_OBJC_ARC = YES;
				CLANG_WARN_BOOL_CONVERSION = YES;
				CLANG_WARN_CONSTANT_CONVERSION = YES;
				CLANG_WARN_DIRECT_OBJC_ISA_USAGE = YES_ERROR;
				CLANG_WARN_EMPTY_BODY = YES;
				CLANG_WARN_ENUM_CONVERSION = YES;
				CLANG_WARN_INT_CONVERSION = YES;
				CLANG_WARN_OBJC_ROOT_CLASS = YES_ERROR;
				CLANG_WARN_UNREACHABLE_CODE = YES;
				CLANG_WARN__DUPLICATE_METHOD_MATCH = YES;
				COPY_PHASE_STRIP = NO;
				DEBUG_INFORMATION_FORMAT = dwarf;
				ENABLE_STRICT_OBJC_MSGSEND = YES;
				ENABLE_TESTABILITY = YES;
				GCC_C_LANGUAGE_STANDARD = gnu99;
				GCC_DYNAMIC_NO_PIC = NO;
				GCC_NO_COMMON_BLOCKS = YES;
				GCC_OPTIMIZATION_LEVEL = 0;
				GCC_PREPROCESSOR_DEFINITIONS = (
					"DEBUG=1",
					"$(inherited)",
				);
				GCC_WARN_64_TO_32_BIT_CONVERSION = YES;
				GCC_WARN_ABOUT_RETURN_TYPE = YES_ERROR;
				GCC_WARN_UNDECLARED_SELECTOR = YES;
				GCC_WARN_UNINITIALIZED_AUTOS = YES_AGGRESSIVE;
				GCC_WARN_UNUSED_FUNCTION = YES;
				GCC_WARN_UNUSED_VARIABLE = YES;
				MTL_ENABLE_DEBUG_INFO = YES;
				ONLY_ACTIVE_ARCH = YES;
				SDKROOT = appletvos;
				SWIFT_OPTIMIZATION_LEVEL = "-Onone";
				TARGETED_DEVICE_FAMILY = 3;
				TVOS_DEPLOYMENT_TARGET = 9.2;
			};
			name = Debug;
		};
		F3D0C2621D36650F00A5BE93 /* Release */ = {
			isa = XCBuildConfiguration;
			buildSettings = {
				ALWAYS_SEARCH_USER_PATHS = NO;
				CLANG_ANALYZER_NONNULL = YES;
				CLANG_CXX_LANGUAGE_STANDARD = "gnu++0x";
				CLANG_CXX_LIBRARY = "libc++";
				CLANG_ENABLE_MODULES = YES;
				CLANG_ENABLE_OBJC_ARC = YES;
				CLANG_WARN_BOOL_CONVERSION = YES;
				CLANG_WARN_CONSTANT_CONVERSION = YES;
				CLANG_WARN_DIRECT_OBJC_ISA_USAGE = YES_ERROR;
				CLANG_WARN_EMPTY_BODY = YES;
				CLANG_WARN_ENUM_CONVERSION = YES;
				CLANG_WARN_INT_CONVERSION = YES;
				CLANG_WARN_OBJC_ROOT_CLASS = YES_ERROR;
				CLANG_WARN_UNREACHABLE_CODE = YES;
				CLANG_WARN__DUPLICATE_METHOD_MATCH = YES;
				COPY_PHASE_STRIP = NO;
				DEBUG_INFORMATION_FORMAT = "dwarf-with-dsym";
				ENABLE_NS_ASSERTIONS = NO;
				ENABLE_STRICT_OBJC_MSGSEND = YES;
				GCC_C_LANGUAGE_STANDARD = gnu99;
				GCC_NO_COMMON_BLOCKS = YES;
				GCC_WARN_64_TO_32_BIT_CONVERSION = YES;
				GCC_WARN_ABOUT_RETURN_TYPE = YES_ERROR;
				GCC_WARN_UNDECLARED_SELECTOR = YES;
				GCC_WARN_UNINITIALIZED_AUTOS = YES_AGGRESSIVE;
				GCC_WARN_UNUSED_FUNCTION = YES;
				GCC_WARN_UNUSED_VARIABLE = YES;
				MTL_ENABLE_DEBUG_INFO = NO;
				SDKROOT = appletvos;
				TARGETED_DEVICE_FAMILY = 3;
				TVOS_DEPLOYMENT_TARGET = 9.2;
				VALIDATE_PRODUCT = YES;
			};
			name = Release;
		};
		F3D0C2641D36650F00A5BE93 /* Debug */ = {
			isa = XCBuildConfiguration;
			buildSettings = {
				ASSETCATALOG_COMPILER_APPICON_NAME = "App Icon & Top Shelf Image";
				ASSETCATALOG_COMPILER_LAUNCHIMAGE_NAME = LaunchImage;
				INFOPLIST_FILE = UitzendingGemist/Info.plist;
				LD_RUNPATH_SEARCH_PATHS = "$(inherited) @executable_path/Frameworks";
				PRODUCT_BUNDLE_IDENTIFIER = eu.osx.UitzendingGemist;
				PRODUCT_NAME = "$(TARGET_NAME)";
			};
			name = Debug;
		};
		F3D0C2651D36650F00A5BE93 /* Release */ = {
			isa = XCBuildConfiguration;
			buildSettings = {
				ASSETCATALOG_COMPILER_APPICON_NAME = "App Icon & Top Shelf Image";
				ASSETCATALOG_COMPILER_LAUNCHIMAGE_NAME = LaunchImage;
				INFOPLIST_FILE = UitzendingGemist/Info.plist;
				LD_RUNPATH_SEARCH_PATHS = "$(inherited) @executable_path/Frameworks";
				PRODUCT_BUNDLE_IDENTIFIER = eu.osx.UitzendingGemist;
				PRODUCT_NAME = "$(TARGET_NAME)";
			};
			name = Release;
		};
/* End XCBuildConfiguration section */

/* Begin XCConfigurationList section */
		F3D0C24F1D36650F00A5BE93 /* Build configuration list for PBXProject "UitzendingGemist" */ = {
			isa = XCConfigurationList;
			buildConfigurations = (
				F3D0C2611D36650F00A5BE93 /* Debug */,
				F3D0C2621D36650F00A5BE93 /* Release */,
			);
			defaultConfigurationIsVisible = 0;
			defaultConfigurationName = Release;
		};
		F3D0C2631D36650F00A5BE93 /* Build configuration list for PBXNativeTarget "UitzendingGemist" */ = {
			isa = XCConfigurationList;
			buildConfigurations = (
				F3D0C2641D36650F00A5BE93 /* Debug */,
				F3D0C2651D36650F00A5BE93 /* Release */,
			);
			defaultConfigurationIsVisible = 0;
		};
/* End XCConfigurationList section */
	};
	rootObject = F3D0C24C1D36650F00A5BE93 /* Project object */;
}
