// !$*UTF8*$!
{
	archiveVersion = 1;
	classes = {
	};
	objectVersion = 46;
	objects = {

/* Begin PBXBuildFile section */
		DDC9799294245F00E02A94E8 /* Pods_UitzendingGemistAbstract_UitzendingGemist.framework in Frameworks */ = {isa = PBXBuildFile; fileRef = E0CC28CF2011F55FC2401886 /* Pods_UitzendingGemistAbstract_UitzendingGemist.framework */; };
		F309EAAF1D47B316003B46A1 /* ProgramRootTableViewController.swift in Sources */ = {isa = PBXBuildFile; fileRef = F309EAAE1D47B316003B46A1 /* ProgramRootTableViewController.swift */; };
		F309EAB41D47BC38003B46A1 /* ProgramRootTableViewCell.swift in Sources */ = {isa = PBXBuildFile; fileRef = F309EAB31D47BC38003B46A1 /* ProgramRootTableViewCell.swift */; };
		F309EAB61D488F4A003B46A1 /* ProgramDetailedCollectionViewController.swift in Sources */ = {isa = PBXBuildFile; fileRef = F309EAB51D488F4A003B46A1 /* ProgramDetailedCollectionViewController.swift */; };
		F30FE2361D3F9D0F00ABFAE8 /* AutoScrollView.swift in Sources */ = {isa = PBXBuildFile; fileRef = F30FE2351D3F9D0F00ABFAE8 /* AutoScrollView.swift */; };
		F317B9A81D39291D00927ACD /* HomeViewController.swift in Sources */ = {isa = PBXBuildFile; fileRef = F317B9A71D39291D00927ACD /* HomeViewController.swift */; };
		F317B9AA1D392DD200927ACD /* TipCollectionViewCell.swift in Sources */ = {isa = PBXBuildFile; fileRef = F317B9A91D392DD200927ACD /* TipCollectionViewCell.swift */; };
		F317B9B21D3A7B2400927ACD /* EpisodeViewController.swift in Sources */ = {isa = PBXBuildFile; fileRef = F317B9B11D3A7B2400927ACD /* EpisodeViewController.swift */; };
		F32724711D3E58A600ACADEA /* ProgramViewController.swift in Sources */ = {isa = PBXBuildFile; fileRef = F32724701D3E58A600ACADEA /* ProgramViewController.swift */; };
		F32BAAA61D3CCAE40026CAFB /* StillCollectionViewCell.swift in Sources */ = {isa = PBXBuildFile; fileRef = F32BAAA51D3CCAE40026CAFB /* StillCollectionViewCell.swift */; };
		F33BCE8F1D40EF9000CD232C /* LiveViewController.swift in Sources */ = {isa = PBXBuildFile; fileRef = F33BCE8E1D40EF9000CD232C /* LiveViewController.swift */; };
		F33BCE911D40F3EF00CD232C /* LiveCollectionViewCell.swift in Sources */ = {isa = PBXBuildFile; fileRef = F33BCE901D40F3EF00CD232C /* LiveCollectionViewCell.swift */; };
		F343082B1D3B91940070911F /* UitzendingGemistConstants.swift in Sources */ = {isa = PBXBuildFile; fileRef = F343082A1D3B91940070911F /* UitzendingGemistConstants.swift */; };
		F34A15511D3E7B88000E0D4F /* EpisodeCollectionViewCell.swift in Sources */ = {isa = PBXBuildFile; fileRef = F34A15501D3E7B88000E0D4F /* EpisodeCollectionViewCell.swift */; };
		F3A71A881D4936CE00F331F9 /* ProgramSplitViewController.swift in Sources */ = {isa = PBXBuildFile; fileRef = F3A71A871D4936CE00F331F9 /* ProgramSplitViewController.swift */; };
		F3A71A8A1D49FE1000F331F9 /* Array+Random.swift in Sources */ = {isa = PBXBuildFile; fileRef = F3A71A891D49FE1000F331F9 /* Array+Random.swift */; };
		F3C193E01D48ED04007C2296 /* ProgramDetailedCollectionViewCell.swift in Sources */ = {isa = PBXBuildFile; fileRef = F3C193DF1D48ED04007C2296 /* ProgramDetailedCollectionViewCell.swift */; };
		F3C234451D633DDD0040E875 /* UICollectionView+UI.swift in Sources */ = {isa = PBXBuildFile; fileRef = F3C234441D633DDD0040E875 /* UICollectionView+UI.swift */; };
		F3C234471D6360DE0040E875 /* OnDeckCollectionViewCell.swift in Sources */ = {isa = PBXBuildFile; fileRef = F3C234461D6360DE0040E875 /* OnDeckCollectionViewCell.swift */; };
		F3C7E85C1D4FC91300AD3809 /* ByDayRootTableViewController.swift in Sources */ = {isa = PBXBuildFile; fileRef = F3C7E85B1D4FC91300AD3809 /* ByDayRootTableViewController.swift */; };
		F3C7E8601D4FD52E00AD3809 /* ByDayRootTableViewCell.swift in Sources */ = {isa = PBXBuildFile; fileRef = F3C7E85F1D4FD52E00AD3809 /* ByDayRootTableViewCell.swift */; };
		F3C7E8621D508CE800AD3809 /* ByDayDetailedCollectionViewController.swift in Sources */ = {isa = PBXBuildFile; fileRef = F3C7E8611D508CE800AD3809 /* ByDayDetailedCollectionViewController.swift */; };
		F3C7E8641D508D0000AD3809 /* ByDayDetailedCollectionViewCell.swift in Sources */ = {isa = PBXBuildFile; fileRef = F3C7E8631D508D0000AD3809 /* ByDayDetailedCollectionViewCell.swift */; };
		F3C7E8661D50936900AD3809 /* ByDaySplitViewController.swift in Sources */ = {isa = PBXBuildFile; fileRef = F3C7E8651D50936900AD3809 /* ByDaySplitViewController.swift */; };
		F3D0C2581D36650F00A5BE93 /* AppDelegate.swift in Sources */ = {isa = PBXBuildFile; fileRef = F3D0C2571D36650F00A5BE93 /* AppDelegate.swift */; };
		F3D0C25D1D36650F00A5BE93 /* Main.storyboard in Resources */ = {isa = PBXBuildFile; fileRef = F3D0C25B1D36650F00A5BE93 /* Main.storyboard */; };
		F3D0C25F1D36650F00A5BE93 /* Assets.xcassets in Resources */ = {isa = PBXBuildFile; fileRef = F3D0C25E1D36650F00A5BE93 /* Assets.xcassets */; };
		F3D71E8E1D3D5C1600B9AEB0 /* UIColor+Colors.swift in Sources */ = {isa = PBXBuildFile; fileRef = F3D71E8D1D3D5C1600B9AEB0 /* UIColor+Colors.swift */; };
		F3F034721D4E05A600A80682 /* NPOEpisode+UI.swift in Sources */ = {isa = PBXBuildFile; fileRef = F3F034711D4E05A600A80682 /* NPOEpisode+UI.swift */; };
		F3F034741D4E073100A80682 /* NPOProgram+UI.swift in Sources */ = {isa = PBXBuildFile; fileRef = F3F034731D4E073100A80682 /* NPOProgram+UI.swift */; };
		F3F034761D4E10C100A80682 /* NPOTip+UI.swift in Sources */ = {isa = PBXBuildFile; fileRef = F3F034751D4E10C100A80682 /* NPOTip+UI.swift */; };
		F3FD00731D3FFC7900034A76 /* ToProgramButton.swift in Sources */ = {isa = PBXBuildFile; fileRef = F3FD00721D3FFC7900034A76 /* ToProgramButton.swift */; };
		F3FD00791D400FD800034A76 /* UIView+Activity.swift in Sources */ = {isa = PBXBuildFile; fileRef = F3FD00781D400FD800034A76 /* UIView+Activity.swift */; };
		F3FD00811D40202100034A76 /* UpdateManager.swift in Sources */ = {isa = PBXBuildFile; fileRef = F3FD00801D40202100034A76 /* UpdateManager.swift */; };
/* End PBXBuildFile section */

/* Begin PBXFileReference section */
		6436CDABDC0DC5F68784C374 /* Pods-UitzendingGemistAbstract-UitzendingGemist.release.xcconfig */ = {isa = PBXFileReference; includeInIndex = 1; lastKnownFileType = text.xcconfig; name = "Pods-UitzendingGemistAbstract-UitzendingGemist.release.xcconfig"; path = "Pods/Target Support Files/Pods-UitzendingGemistAbstract-UitzendingGemist/Pods-UitzendingGemistAbstract-UitzendingGemist.release.xcconfig"; sourceTree = "<group>"; };
		E0CC28CF2011F55FC2401886 /* Pods_UitzendingGemistAbstract_UitzendingGemist.framework */ = {isa = PBXFileReference; explicitFileType = wrapper.framework; includeInIndex = 0; path = Pods_UitzendingGemistAbstract_UitzendingGemist.framework; sourceTree = BUILT_PRODUCTS_DIR; };
		F309EAAE1D47B316003B46A1 /* ProgramRootTableViewController.swift */ = {isa = PBXFileReference; fileEncoding = 4; lastKnownFileType = sourcecode.swift; path = ProgramRootTableViewController.swift; sourceTree = "<group>"; };
		F309EAB31D47BC38003B46A1 /* ProgramRootTableViewCell.swift */ = {isa = PBXFileReference; fileEncoding = 4; lastKnownFileType = sourcecode.swift; path = ProgramRootTableViewCell.swift; sourceTree = "<group>"; };
		F309EAB51D488F4A003B46A1 /* ProgramDetailedCollectionViewController.swift */ = {isa = PBXFileReference; fileEncoding = 4; lastKnownFileType = sourcecode.swift; path = ProgramDetailedCollectionViewController.swift; sourceTree = "<group>"; };
		F30FE2351D3F9D0F00ABFAE8 /* AutoScrollView.swift */ = {isa = PBXFileReference; fileEncoding = 4; lastKnownFileType = sourcecode.swift; path = AutoScrollView.swift; sourceTree = "<group>"; };
		F317B9771D37BDA300927ACD /* NPO Sans Bold v1.01.otf */ = {isa = PBXFileReference; lastKnownFileType = file; path = "NPO Sans Bold v1.01.otf"; sourceTree = "<group>"; };
		F317B9781D37BDA300927ACD /* NPO Sans Regular v1.01.otf */ = {isa = PBXFileReference; lastKnownFileType = file; path = "NPO Sans Regular v1.01.otf"; sourceTree = "<group>"; };
		F317B9A71D39291D00927ACD /* HomeViewController.swift */ = {isa = PBXFileReference; fileEncoding = 4; lastKnownFileType = sourcecode.swift; path = HomeViewController.swift; sourceTree = "<group>"; };
		F317B9A91D392DD200927ACD /* TipCollectionViewCell.swift */ = {isa = PBXFileReference; fileEncoding = 4; lastKnownFileType = sourcecode.swift; path = TipCollectionViewCell.swift; sourceTree = "<group>"; };
		F317B9B11D3A7B2400927ACD /* EpisodeViewController.swift */ = {isa = PBXFileReference; fileEncoding = 4; lastKnownFileType = sourcecode.swift; path = EpisodeViewController.swift; sourceTree = "<group>"; };
		F32724701D3E58A600ACADEA /* ProgramViewController.swift */ = {isa = PBXFileReference; fileEncoding = 4; lastKnownFileType = sourcecode.swift; path = ProgramViewController.swift; sourceTree = "<group>"; };
		F32BAAA51D3CCAE40026CAFB /* StillCollectionViewCell.swift */ = {isa = PBXFileReference; fileEncoding = 4; lastKnownFileType = sourcecode.swift; path = StillCollectionViewCell.swift; sourceTree = "<group>"; };
		F33BCE8E1D40EF9000CD232C /* LiveViewController.swift */ = {isa = PBXFileReference; fileEncoding = 4; lastKnownFileType = sourcecode.swift; path = LiveViewController.swift; sourceTree = "<group>"; };
		F33BCE901D40F3EF00CD232C /* LiveCollectionViewCell.swift */ = {isa = PBXFileReference; fileEncoding = 4; lastKnownFileType = sourcecode.swift; path = LiveCollectionViewCell.swift; sourceTree = "<group>"; };
		F343082A1D3B91940070911F /* UitzendingGemistConstants.swift */ = {isa = PBXFileReference; fileEncoding = 4; lastKnownFileType = sourcecode.swift; path = UitzendingGemistConstants.swift; sourceTree = "<group>"; };
		F34A15501D3E7B88000E0D4F /* EpisodeCollectionViewCell.swift */ = {isa = PBXFileReference; fileEncoding = 4; lastKnownFileType = sourcecode.swift; path = EpisodeCollectionViewCell.swift; sourceTree = "<group>"; };
		F3A71A871D4936CE00F331F9 /* ProgramSplitViewController.swift */ = {isa = PBXFileReference; fileEncoding = 4; lastKnownFileType = sourcecode.swift; path = ProgramSplitViewController.swift; sourceTree = "<group>"; };
		F3A71A891D49FE1000F331F9 /* Array+Random.swift */ = {isa = PBXFileReference; fileEncoding = 4; lastKnownFileType = sourcecode.swift; path = "Array+Random.swift"; sourceTree = "<group>"; };
		F3C193DF1D48ED04007C2296 /* ProgramDetailedCollectionViewCell.swift */ = {isa = PBXFileReference; fileEncoding = 4; lastKnownFileType = sourcecode.swift; path = ProgramDetailedCollectionViewCell.swift; sourceTree = "<group>"; };
		F3C234441D633DDD0040E875 /* UICollectionView+UI.swift */ = {isa = PBXFileReference; fileEncoding = 4; lastKnownFileType = sourcecode.swift; path = "UICollectionView+UI.swift"; sourceTree = "<group>"; };
		F3C234461D6360DE0040E875 /* OnDeckCollectionViewCell.swift */ = {isa = PBXFileReference; fileEncoding = 4; lastKnownFileType = sourcecode.swift; path = OnDeckCollectionViewCell.swift; sourceTree = "<group>"; };
		F3C7E85B1D4FC91300AD3809 /* ByDayRootTableViewController.swift */ = {isa = PBXFileReference; fileEncoding = 4; lastKnownFileType = sourcecode.swift; path = ByDayRootTableViewController.swift; sourceTree = "<group>"; };
		F3C7E85F1D4FD52E00AD3809 /* ByDayRootTableViewCell.swift */ = {isa = PBXFileReference; fileEncoding = 4; lastKnownFileType = sourcecode.swift; path = ByDayRootTableViewCell.swift; sourceTree = "<group>"; };
		F3C7E8611D508CE800AD3809 /* ByDayDetailedCollectionViewController.swift */ = {isa = PBXFileReference; fileEncoding = 4; lastKnownFileType = sourcecode.swift; path = ByDayDetailedCollectionViewController.swift; sourceTree = "<group>"; };
		F3C7E8631D508D0000AD3809 /* ByDayDetailedCollectionViewCell.swift */ = {isa = PBXFileReference; fileEncoding = 4; lastKnownFileType = sourcecode.swift; path = ByDayDetailedCollectionViewCell.swift; sourceTree = "<group>"; };
		F3C7E8651D50936900AD3809 /* ByDaySplitViewController.swift */ = {isa = PBXFileReference; fileEncoding = 4; lastKnownFileType = sourcecode.swift; path = ByDaySplitViewController.swift; sourceTree = "<group>"; };
		F3D0C2541D36650F00A5BE93 /* UitzendingGemist.app */ = {isa = PBXFileReference; explicitFileType = wrapper.application; includeInIndex = 0; path = UitzendingGemist.app; sourceTree = BUILT_PRODUCTS_DIR; };
		F3D0C2571D36650F00A5BE93 /* AppDelegate.swift */ = {isa = PBXFileReference; lastKnownFileType = sourcecode.swift; path = AppDelegate.swift; sourceTree = "<group>"; };
		F3D0C25C1D36650F00A5BE93 /* Base */ = {isa = PBXFileReference; lastKnownFileType = file.storyboard; name = Base; path = Base.lproj/Main.storyboard; sourceTree = "<group>"; };
		F3D0C25E1D36650F00A5BE93 /* Assets.xcassets */ = {isa = PBXFileReference; lastKnownFileType = folder.assetcatalog; path = Assets.xcassets; sourceTree = "<group>"; };
		F3D0C2601D36650F00A5BE93 /* Info.plist */ = {isa = PBXFileReference; lastKnownFileType = text.plist.xml; path = Info.plist; sourceTree = "<group>"; };
		F3D71E8D1D3D5C1600B9AEB0 /* UIColor+Colors.swift */ = {isa = PBXFileReference; fileEncoding = 4; lastKnownFileType = sourcecode.swift; path = "UIColor+Colors.swift"; sourceTree = "<group>"; };
		F3F034711D4E05A600A80682 /* NPOEpisode+UI.swift */ = {isa = PBXFileReference; fileEncoding = 4; lastKnownFileType = sourcecode.swift; path = "NPOEpisode+UI.swift"; sourceTree = "<group>"; };
		F3F034731D4E073100A80682 /* NPOProgram+UI.swift */ = {isa = PBXFileReference; fileEncoding = 4; lastKnownFileType = sourcecode.swift; path = "NPOProgram+UI.swift"; sourceTree = "<group>"; };
		F3F034751D4E10C100A80682 /* NPOTip+UI.swift */ = {isa = PBXFileReference; fileEncoding = 4; lastKnownFileType = sourcecode.swift; path = "NPOTip+UI.swift"; sourceTree = "<group>"; };
		F3FD00721D3FFC7900034A76 /* ToProgramButton.swift */ = {isa = PBXFileReference; fileEncoding = 4; lastKnownFileType = sourcecode.swift; path = ToProgramButton.swift; sourceTree = "<group>"; };
		F3FD00781D400FD800034A76 /* UIView+Activity.swift */ = {isa = PBXFileReference; fileEncoding = 4; lastKnownFileType = sourcecode.swift; path = "UIView+Activity.swift"; sourceTree = "<group>"; };
		F3FD00801D40202100034A76 /* UpdateManager.swift */ = {isa = PBXFileReference; fileEncoding = 4; lastKnownFileType = sourcecode.swift; path = UpdateManager.swift; sourceTree = "<group>"; };
		F91D545EA47AA85066BCC6D2 /* Pods-UitzendingGemistAbstract-UitzendingGemist.debug.xcconfig */ = {isa = PBXFileReference; includeInIndex = 1; lastKnownFileType = text.xcconfig; name = "Pods-UitzendingGemistAbstract-UitzendingGemist.debug.xcconfig"; path = "Pods/Target Support Files/Pods-UitzendingGemistAbstract-UitzendingGemist/Pods-UitzendingGemistAbstract-UitzendingGemist.debug.xcconfig"; sourceTree = "<group>"; };
/* End PBXFileReference section */

/* Begin PBXFrameworksBuildPhase section */
		F3D0C2511D36650F00A5BE93 /* Frameworks */ = {
			isa = PBXFrameworksBuildPhase;
			buildActionMask = 2147483647;
			files = (
				DDC9799294245F00E02A94E8 /* Pods_UitzendingGemistAbstract_UitzendingGemist.framework in Frameworks */,
			);
			runOnlyForDeploymentPostprocessing = 0;
		};
/* End PBXFrameworksBuildPhase section */

/* Begin PBXGroup section */
		1146637218F45B5D46F69767 /* Frameworks */ = {
			isa = PBXGroup;
			children = (
				E0CC28CF2011F55FC2401886 /* Pods_UitzendingGemistAbstract_UitzendingGemist.framework */,
			);
			name = Frameworks;
			sourceTree = "<group>";
		};
		3489ED4ED174D8C1B491E749 /* Pods */ = {
			isa = PBXGroup;
			children = (
				F91D545EA47AA85066BCC6D2 /* Pods-UitzendingGemistAbstract-UitzendingGemist.debug.xcconfig */,
				6436CDABDC0DC5F68784C374 /* Pods-UitzendingGemistAbstract-UitzendingGemist.release.xcconfig */,
			);
			name = Pods;
			sourceTree = "<group>";
		};
		F309EAB01D47B319003B46A1 /* Program List */ = {
			isa = PBXGroup;
			children = (
				F3A71A871D4936CE00F331F9 /* ProgramSplitViewController.swift */,
				F309EAAE1D47B316003B46A1 /* ProgramRootTableViewController.swift */,
				F309EAB31D47BC38003B46A1 /* ProgramRootTableViewCell.swift */,
				F309EAB51D488F4A003B46A1 /* ProgramDetailedCollectionViewController.swift */,
				F3C193DF1D48ED04007C2296 /* ProgramDetailedCollectionViewCell.swift */,
			);
			name = "Program List";
			sourceTree = "<group>";
		};
		F30FE2391D3FB9DF00ABFAE8 /* Views */ = {
			isa = PBXGroup;
			children = (
				F30FE2351D3F9D0F00ABFAE8 /* AutoScrollView.swift */,
			);
			name = Views;
			sourceTree = "<group>";
		};
		F30FE23A1D3FB9E400ABFAE8 /* Extensions */ = {
			isa = PBXGroup;
			children = (
				F3D71E8D1D3D5C1600B9AEB0 /* UIColor+Colors.swift */,
				F3FD00781D400FD800034A76 /* UIView+Activity.swift */,
				F3A71A891D49FE1000F331F9 /* Array+Random.swift */,
				F3F034711D4E05A600A80682 /* NPOEpisode+UI.swift */,
				F3F034731D4E073100A80682 /* NPOProgram+UI.swift */,
				F3F034751D4E10C100A80682 /* NPOTip+UI.swift */,
				F3C234441D633DDD0040E875 /* UICollectionView+UI.swift */,
			);
			name = Extensions;
			sourceTree = "<group>";
		};
		F30FE23B1D3FB9EE00ABFAE8 /* Generics */ = {
			isa = PBXGroup;
			children = (
				F343082A1D3B91940070911F /* UitzendingGemistConstants.swift */,
				F3FD00801D40202100034A76 /* UpdateManager.swift */,
				F30FE23A1D3FB9E400ABFAE8 /* Extensions */,
				F30FE2391D3FB9DF00ABFAE8 /* Views */,
			);
			name = Generics;
			sourceTree = "<group>";
		};
		F317B9761D37BD9400927ACD /* Resources */ = {
			isa = PBXGroup;
			children = (
				F317B9791D37BDA700927ACD /* Fonts */,
				F3D0C25E1D36650F00A5BE93 /* Assets.xcassets */,
				F3D0C2601D36650F00A5BE93 /* Info.plist */,
			);
			name = Resources;
			sourceTree = "<group>";
		};
		F317B9791D37BDA700927ACD /* Fonts */ = {
			isa = PBXGroup;
			children = (
				F317B9771D37BDA300927ACD /* NPO Sans Bold v1.01.otf */,
				F317B9781D37BDA300927ACD /* NPO Sans Regular v1.01.otf */,
			);
			name = Fonts;
			sourceTree = "<group>";
		};
		F32724721D3E58BB00ACADEA /* Program */ = {
			isa = PBXGroup;
			children = (
				F32724701D3E58A600ACADEA /* ProgramViewController.swift */,
				F34A15501D3E7B88000E0D4F /* EpisodeCollectionViewCell.swift */,
			);
			name = Program;
			sourceTree = "<group>";
		};
		F32BAAA91D3CEDD50026CAFB /* Home */ = {
			isa = PBXGroup;
			children = (
				F317B9A71D39291D00927ACD /* HomeViewController.swift */,
				F317B9A91D392DD200927ACD /* TipCollectionViewCell.swift */,
				F3C234461D6360DE0040E875 /* OnDeckCollectionViewCell.swift */,
			);
			name = Home;
			sourceTree = "<group>";
		};
		F32BAAAA1D3CEDF00026CAFB /* Episode */ = {
			isa = PBXGroup;
			children = (
				F317B9B11D3A7B2400927ACD /* EpisodeViewController.swift */,
				F32BAAA51D3CCAE40026CAFB /* StillCollectionViewCell.swift */,
				F3FD00721D3FFC7900034A76 /* ToProgramButton.swift */,
			);
			name = Episode;
			sourceTree = "<group>";
		};
		F33BCE8D1D40EF7500CD232C /* Live */ = {
			isa = PBXGroup;
			children = (
				F33BCE8E1D40EF9000CD232C /* LiveViewController.swift */,
				F33BCE901D40F3EF00CD232C /* LiveCollectionViewCell.swift */,
			);
			name = Live;
			sourceTree = "<group>";
		};
		F3C7E85A1D4FC8EE00AD3809 /* By Day */ = {
			isa = PBXGroup;
			children = (
				F3C7E8651D50936900AD3809 /* ByDaySplitViewController.swift */,
				F3C7E85B1D4FC91300AD3809 /* ByDayRootTableViewController.swift */,
				F3C7E85F1D4FD52E00AD3809 /* ByDayRootTableViewCell.swift */,
				F3C7E8611D508CE800AD3809 /* ByDayDetailedCollectionViewController.swift */,
				F3C7E8631D508D0000AD3809 /* ByDayDetailedCollectionViewCell.swift */,
			);
			name = "By Day";
			sourceTree = "<group>";
		};
		F3D0C24B1D36650F00A5BE93 = {
			isa = PBXGroup;
			children = (
				F3D0C2561D36650F00A5BE93 /* UitzendingGemist */,
				F3D0C2551D36650F00A5BE93 /* Products */,
				3489ED4ED174D8C1B491E749 /* Pods */,
				1146637218F45B5D46F69767 /* Frameworks */,
			);
			sourceTree = "<group>";
		};
		F3D0C2551D36650F00A5BE93 /* Products */ = {
			isa = PBXGroup;
			children = (
				F3D0C2541D36650F00A5BE93 /* UitzendingGemist.app */,
			);
			name = Products;
			sourceTree = "<group>";
		};
		F3D0C2561D36650F00A5BE93 /* UitzendingGemist */ = {
			isa = PBXGroup;
			children = (
				F3D0C2571D36650F00A5BE93 /* AppDelegate.swift */,
				F3D0C25B1D36650F00A5BE93 /* Main.storyboard */,
				F30FE23B1D3FB9EE00ABFAE8 /* Generics */,
				F32BAAA91D3CEDD50026CAFB /* Home */,
				F32BAAAA1D3CEDF00026CAFB /* Episode */,
				F32724721D3E58BB00ACADEA /* Program */,
				F309EAB01D47B319003B46A1 /* Program List */,
				F3C7E85A1D4FC8EE00AD3809 /* By Day */,
				F33BCE8D1D40EF7500CD232C /* Live */,
				F317B9761D37BD9400927ACD /* Resources */,
			);
			path = UitzendingGemist;
			sourceTree = "<group>";
		};
/* End PBXGroup section */

/* Begin PBXNativeTarget section */
		F3D0C2531D36650F00A5BE93 /* UitzendingGemist */ = {
			isa = PBXNativeTarget;
			buildConfigurationList = F3D0C2631D36650F00A5BE93 /* Build configuration list for PBXNativeTarget "UitzendingGemist" */;
			buildPhases = (
				D25F7977007C645C2F41308C /* [CP] Check Pods Manifest.lock */,
				F3D0C2501D36650F00A5BE93 /* Sources */,
				F3D0C2511D36650F00A5BE93 /* Frameworks */,
				F3D0C2521D36650F00A5BE93 /* Resources */,
				0126273C49925259853D70A4 /* [CP] Embed Pods Frameworks */,
				7BC21F9749A65E4DE8564BFC /* [CP] Copy Pods Resources */,
				F317B9751D37BB8800927ACD /* SwiftLint */,
				F3B580B71D40A91D00629206 /* Increment Build */,
			);
			buildRules = (
			);
			dependencies = (
			);
			name = UitzendingGemist;
			productName = UitzendingGemist;
			productReference = F3D0C2541D36650F00A5BE93 /* UitzendingGemist.app */;
			productType = "com.apple.product-type.application";
		};
/* End PBXNativeTarget section */

/* Begin PBXProject section */
		F3D0C24C1D36650F00A5BE93 /* Project object */ = {
			isa = PBXProject;
			attributes = {
				LastSwiftUpdateCheck = 0730;
				LastUpgradeCheck = 0800;
				ORGANIZATIONNAME = "Jeroen Wesbeek";
				TargetAttributes = {
					F3D0C2531D36650F00A5BE93 = {
						CreatedOnToolsVersion = 7.3.1;
						LastSwiftMigration = 0800;
					};
				};
			};
			buildConfigurationList = F3D0C24F1D36650F00A5BE93 /* Build configuration list for PBXProject "UitzendingGemist" */;
			compatibilityVersion = "Xcode 3.2";
			developmentRegion = English;
			hasScannedForEncodings = 0;
			knownRegions = (
				en,
				Base,
			);
			mainGroup = F3D0C24B1D36650F00A5BE93;
			productRefGroup = F3D0C2551D36650F00A5BE93 /* Products */;
			projectDirPath = "";
			projectRoot = "";
			targets = (
				F3D0C2531D36650F00A5BE93 /* UitzendingGemist */,
			);
		};
/* End PBXProject section */

/* Begin PBXResourcesBuildPhase section */
		F3D0C2521D36650F00A5BE93 /* Resources */ = {
			isa = PBXResourcesBuildPhase;
			buildActionMask = 2147483647;
			files = (
				F3D0C25F1D36650F00A5BE93 /* Assets.xcassets in Resources */,
				F3D0C25D1D36650F00A5BE93 /* Main.storyboard in Resources */,
			);
			runOnlyForDeploymentPostprocessing = 0;
		};
/* End PBXResourcesBuildPhase section */

/* Begin PBXShellScriptBuildPhase section */
		0126273C49925259853D70A4 /* [CP] Embed Pods Frameworks */ = {
			isa = PBXShellScriptBuildPhase;
			buildActionMask = 2147483647;
			files = (
			);
			inputPaths = (
			);
			name = "[CP] Embed Pods Frameworks";
			outputPaths = (
			);
			runOnlyForDeploymentPostprocessing = 0;
			shellPath = /bin/sh;
			shellScript = "\"${SRCROOT}/Pods/Target Support Files/Pods-UitzendingGemistAbstract-UitzendingGemist/Pods-UitzendingGemistAbstract-UitzendingGemist-frameworks.sh\"\n";
			showEnvVarsInLog = 0;
		};
		7BC21F9749A65E4DE8564BFC /* [CP] Copy Pods Resources */ = {
			isa = PBXShellScriptBuildPhase;
			buildActionMask = 2147483647;
			files = (
			);
			inputPaths = (
			);
			name = "[CP] Copy Pods Resources";
			outputPaths = (
			);
			runOnlyForDeploymentPostprocessing = 0;
			shellPath = /bin/sh;
			shellScript = "\"${SRCROOT}/Pods/Target Support Files/Pods-UitzendingGemistAbstract-UitzendingGemist/Pods-UitzendingGemistAbstract-UitzendingGemist-resources.sh\"\n";
			showEnvVarsInLog = 0;
		};
		D25F7977007C645C2F41308C /* [CP] Check Pods Manifest.lock */ = {
			isa = PBXShellScriptBuildPhase;
			buildActionMask = 2147483647;
			files = (
			);
			inputPaths = (
			);
			name = "[CP] Check Pods Manifest.lock";
			outputPaths = (
			);
			runOnlyForDeploymentPostprocessing = 0;
			shellPath = /bin/sh;
			shellScript = "diff \"${PODS_ROOT}/../Podfile.lock\" \"${PODS_ROOT}/Manifest.lock\" > /dev/null\nif [ $? != 0 ] ; then\n    # print error to STDERR\n    echo \"error: The sandbox is not in sync with the Podfile.lock. Run 'pod install' or update your CocoaPods installation.\" >&2\n    exit 1\nfi\n";
			showEnvVarsInLog = 0;
		};
		F317B9751D37BB8800927ACD /* SwiftLint */ = {
			isa = PBXShellScriptBuildPhase;
			buildActionMask = 2147483647;
			files = (
			);
			inputPaths = (
			);
			name = SwiftLint;
			outputPaths = (
			);
			runOnlyForDeploymentPostprocessing = 0;
			shellPath = /bin/sh;
			shellScript = "if which swiftlint >/dev/null; then\nswiftlint\nelse\necho \"warning: SwiftLint not installed, download from https://github.com/realm/SwiftLint\"\nfi";
		};
		F3B580B71D40A91D00629206 /* Increment Build */ = {
			isa = PBXShellScriptBuildPhase;
			buildActionMask = 8;
			files = (
			);
			inputPaths = (
			);
			name = "Increment Build";
			outputPaths = (
			);
			runOnlyForDeploymentPostprocessing = 1;
			shellPath = /bin/sh;
			shellScript = "if [ -d ~/Developer/distributed/ ]; then\nbuildNumber=$(/usr/libexec/PlistBuddy -c \"Print CFBundleVersion\" \"${PROJECT_DIR}/${INFOPLIST_FILE}\")\nbuildNumber=$(($buildNumber + 1))\n/usr/libexec/PlistBuddy -c \"Set :CFBundleVersion $buildNumber\" \"${PROJECT_DIR}/${INFOPLIST_FILE}\"\nfi";
		};
/* End PBXShellScriptBuildPhase section */

/* Begin PBXSourcesBuildPhase section */
		F3D0C2501D36650F00A5BE93 /* Sources */ = {
			isa = PBXSourcesBuildPhase;
			buildActionMask = 2147483647;
			files = (
				F343082B1D3B91940070911F /* UitzendingGemistConstants.swift in Sources */,
				F3FD00791D400FD800034A76 /* UIView+Activity.swift in Sources */,
				F3D71E8E1D3D5C1600B9AEB0 /* UIColor+Colors.swift in Sources */,
				F309EAAF1D47B316003B46A1 /* ProgramRootTableViewController.swift in Sources */,
				F3C7E8641D508D0000AD3809 /* ByDayDetailedCollectionViewCell.swift in Sources */,
				F3C234471D6360DE0040E875 /* OnDeckCollectionViewCell.swift in Sources */,
				F3C193E01D48ED04007C2296 /* ProgramDetailedCollectionViewCell.swift in Sources */,
				F3A71A8A1D49FE1000F331F9 /* Array+Random.swift in Sources */,
				F30FE2361D3F9D0F00ABFAE8 /* AutoScrollView.swift in Sources */,
				F3F034721D4E05A600A80682 /* NPOEpisode+UI.swift in Sources */,
				F32BAAA61D3CCAE40026CAFB /* StillCollectionViewCell.swift in Sources */,
				F3C7E8661D50936900AD3809 /* ByDaySplitViewController.swift in Sources */,
				F3A71A881D4936CE00F331F9 /* ProgramSplitViewController.swift in Sources */,
				F3C7E85C1D4FC91300AD3809 /* ByDayRootTableViewController.swift in Sources */,
				F34A15511D3E7B88000E0D4F /* EpisodeCollectionViewCell.swift in Sources */,
				F309EAB61D488F4A003B46A1 /* ProgramDetailedCollectionViewController.swift in Sources */,
				F3D0C2581D36650F00A5BE93 /* AppDelegate.swift in Sources */,
				F3C7E8621D508CE800AD3809 /* ByDayDetailedCollectionViewController.swift in Sources */,
				F3F034761D4E10C100A80682 /* NPOTip+UI.swift in Sources */,
				F317B9AA1D392DD200927ACD /* TipCollectionViewCell.swift in Sources */,
				F32724711D3E58A600ACADEA /* ProgramViewController.swift in Sources */,
				F3C234451D633DDD0040E875 /* UICollectionView+UI.swift in Sources */,
				F3FD00811D40202100034A76 /* UpdateManager.swift in Sources */,
				F317B9B21D3A7B2400927ACD /* EpisodeViewController.swift in Sources */,
				F3C7E8601D4FD52E00AD3809 /* ByDayRootTableViewCell.swift in Sources */,
				F33BCE911D40F3EF00CD232C /* LiveCollectionViewCell.swift in Sources */,
				F33BCE8F1D40EF9000CD232C /* LiveViewController.swift in Sources */,
				F317B9A81D39291D00927ACD /* HomeViewController.swift in Sources */,
				F309EAB41D47BC38003B46A1 /* ProgramRootTableViewCell.swift in Sources */,
				F3FD00731D3FFC7900034A76 /* ToProgramButton.swift in Sources */,
				F3F034741D4E073100A80682 /* NPOProgram+UI.swift in Sources */,
			);
			runOnlyForDeploymentPostprocessing = 0;
		};
/* End PBXSourcesBuildPhase section */

/* Begin PBXVariantGroup section */
		F3D0C25B1D36650F00A5BE93 /* Main.storyboard */ = {
			isa = PBXVariantGroup;
			children = (
				F3D0C25C1D36650F00A5BE93 /* Base */,
			);
			name = Main.storyboard;
			sourceTree = "<group>";
		};
/* End PBXVariantGroup section */

/* Begin XCBuildConfiguration section */
		F3D0C2611D36650F00A5BE93 /* Debug */ = {
			isa = XCBuildConfiguration;
			buildSettings = {
				ALWAYS_SEARCH_USER_PATHS = NO;
				CLANG_ANALYZER_NONNULL = YES;
				CLANG_CXX_LANGUAGE_STANDARD = "gnu++0x";
				CLANG_CXX_LIBRARY = "libc++";
				CLANG_ENABLE_MODULES = YES;
				CLANG_ENABLE_OBJC_ARC = YES;
				CLANG_WARN_BOOL_CONVERSION = YES;
				CLANG_WARN_CONSTANT_CONVERSION = YES;
				CLANG_WARN_DIRECT_OBJC_ISA_USAGE = YES_ERROR;
				CLANG_WARN_EMPTY_BODY = YES;
				CLANG_WARN_ENUM_CONVERSION = YES;
				CLANG_WARN_INFINITE_RECURSION = YES;
				CLANG_WARN_INT_CONVERSION = YES;
				CLANG_WARN_OBJC_ROOT_CLASS = YES_ERROR;
				CLANG_WARN_SUSPICIOUS_MOVE = YES;
				CLANG_WARN_UNREACHABLE_CODE = YES;
				CLANG_WARN__DUPLICATE_METHOD_MATCH = YES;
				COPY_PHASE_STRIP = NO;
				DEBUG_INFORMATION_FORMAT = dwarf;
				ENABLE_STRICT_OBJC_MSGSEND = YES;
				ENABLE_TESTABILITY = YES;
				GCC_C_LANGUAGE_STANDARD = gnu99;
				GCC_DYNAMIC_NO_PIC = NO;
				GCC_NO_COMMON_BLOCKS = YES;
				GCC_OPTIMIZATION_LEVEL = 0;
				GCC_PREPROCESSOR_DEFINITIONS = (
					"DEBUG=1",
					"$(inherited)",
				);
				GCC_WARN_64_TO_32_BIT_CONVERSION = YES;
				GCC_WARN_ABOUT_RETURN_TYPE = YES_ERROR;
				GCC_WARN_UNDECLARED_SELECTOR = YES;
				GCC_WARN_UNINITIALIZED_AUTOS = YES_AGGRESSIVE;
				GCC_WARN_UNUSED_FUNCTION = YES;
				GCC_WARN_UNUSED_VARIABLE = YES;
				MTL_ENABLE_DEBUG_INFO = YES;
				ONLY_ACTIVE_ARCH = YES;
				SDKROOT = appletvos;
				SWIFT_OPTIMIZATION_LEVEL = "-Onone";
				TARGETED_DEVICE_FAMILY = 3;
				TVOS_DEPLOYMENT_TARGET = 10.0;
			};
			name = Debug;
		};
		F3D0C2621D36650F00A5BE93 /* Release */ = {
			isa = XCBuildConfiguration;
			buildSettings = {
				ALWAYS_SEARCH_USER_PATHS = NO;
				CLANG_ANALYZER_NONNULL = YES;
				CLANG_CXX_LANGUAGE_STANDARD = "gnu++0x";
				CLANG_CXX_LIBRARY = "libc++";
				CLANG_ENABLE_MODULES = YES;
				CLANG_ENABLE_OBJC_ARC = YES;
				CLANG_WARN_BOOL_CONVERSION = YES;
				CLANG_WARN_CONSTANT_CONVERSION = YES;
				CLANG_WARN_DIRECT_OBJC_ISA_USAGE = YES_ERROR;
				CLANG_WARN_EMPTY_BODY = YES;
				CLANG_WARN_ENUM_CONVERSION = YES;
				CLANG_WARN_INFINITE_RECURSION = YES;
				CLANG_WARN_INT_CONVERSION = YES;
				CLANG_WARN_OBJC_ROOT_CLASS = YES_ERROR;
				CLANG_WARN_SUSPICIOUS_MOVE = YES;
				CLANG_WARN_UNREACHABLE_CODE = YES;
				CLANG_WARN__DUPLICATE_METHOD_MATCH = YES;
				COPY_PHASE_STRIP = NO;
				DEBUG_INFORMATION_FORMAT = "dwarf-with-dsym";
				ENABLE_NS_ASSERTIONS = NO;
				ENABLE_STRICT_OBJC_MSGSEND = YES;
				GCC_C_LANGUAGE_STANDARD = gnu99;
				GCC_NO_COMMON_BLOCKS = YES;
				GCC_WARN_64_TO_32_BIT_CONVERSION = YES;
				GCC_WARN_ABOUT_RETURN_TYPE = YES_ERROR;
				GCC_WARN_UNDECLARED_SELECTOR = YES;
				GCC_WARN_UNINITIALIZED_AUTOS = YES_AGGRESSIVE;
				GCC_WARN_UNUSED_FUNCTION = YES;
				GCC_WARN_UNUSED_VARIABLE = YES;
				MTL_ENABLE_DEBUG_INFO = NO;
				SDKROOT = appletvos;
				SWIFT_OPTIMIZATION_LEVEL = "-Owholemodule";
				TARGETED_DEVICE_FAMILY = 3;
				TVOS_DEPLOYMENT_TARGET = 10.0;
				VALIDATE_PRODUCT = YES;
			};
			name = Release;
		};
		F3D0C2641D36650F00A5BE93 /* Debug */ = {
			isa = XCBuildConfiguration;
			baseConfigurationReference = F91D545EA47AA85066BCC6D2 /* Pods-UitzendingGemistAbstract-UitzendingGemist.debug.xcconfig */;
			buildSettings = {
				ALWAYS_EMBED_SWIFT_STANDARD_LIBRARIES = YES;
				ASSETCATALOG_COMPILER_APPICON_NAME = "App Icon & Top Shelf Image";
				ASSETCATALOG_COMPILER_LAUNCHIMAGE_NAME = LaunchImage;
				INFOPLIST_FILE = UitzendingGemist/Info.plist;
				LD_RUNPATH_SEARCH_PATHS = "$(inherited) @executable_path/Frameworks";
				PRODUCT_BUNDLE_IDENTIFIER = eu.osx.UitzendingGemist;
				PRODUCT_NAME = "$(TARGET_NAME)";
				SWIFT_VERSION = 3.0;
				TVOS_DEPLOYMENT_TARGET = 10.0;
			};
			name = Debug;
		};
		F3D0C2651D36650F00A5BE93 /* Release */ = {
			isa = XCBuildConfiguration;
			baseConfigurationReference = 6436CDABDC0DC5F68784C374 /* Pods-UitzendingGemistAbstract-UitzendingGemist.release.xcconfig */;
			buildSettings = {
				ALWAYS_EMBED_SWIFT_STANDARD_LIBRARIES = YES;
				ASSETCATALOG_COMPILER_APPICON_NAME = "App Icon & Top Shelf Image";
				ASSETCATALOG_COMPILER_LAUNCHIMAGE_NAME = LaunchImage;
				INFOPLIST_FILE = UitzendingGemist/Info.plist;
				LD_RUNPATH_SEARCH_PATHS = "$(inherited) @executable_path/Frameworks";
				PRODUCT_BUNDLE_IDENTIFIER = eu.osx.UitzendingGemist;
				PRODUCT_NAME = "$(TARGET_NAME)";
				SWIFT_VERSION = 3.0;
				TVOS_DEPLOYMENT_TARGET = 10.0;
			};
			name = Release;
		};
/* End XCBuildConfiguration section */

/* Begin XCConfigurationList section */
		F3D0C24F1D36650F00A5BE93 /* Build configuration list for PBXProject "UitzendingGemist" */ = {
			isa = XCConfigurationList;
			buildConfigurations = (
				F3D0C2611D36650F00A5BE93 /* Debug */,
				F3D0C2621D36650F00A5BE93 /* Release */,
			);
			defaultConfigurationIsVisible = 0;
			defaultConfigurationName = Release;
		};
		F3D0C2631D36650F00A5BE93 /* Build configuration list for PBXNativeTarget "UitzendingGemist" */ = {
			isa = XCConfigurationList;
			buildConfigurations = (
				F3D0C2641D36650F00A5BE93 /* Debug */,
				F3D0C2651D36650F00A5BE93 /* Release */,
			);
			defaultConfigurationIsVisible = 0;
			defaultConfigurationName = Release;
		};
/* End XCConfigurationList section */
	};
	rootObject = F3D0C24C1D36650F00A5BE93 /* Project object */;
}
